
Microsoft Visual Studio Solution File, Format Version 12.00
# Visual Studio Version 17
VisualStudioVersion = 17.0.32112.339
MinimumVisualStudioVersion = 10.0.40219.1
Project("{9A19103F-16F7-4668-BE54-9A1E7A4F7556}") = "Vernuntii.Git", "src\Vernuntii.Git\Vernuntii.Git.csproj", "{FE6DC2D7-0C05-4A1B-86FE-62050D3F7A4A}"
EndProject
Project("{9A19103F-16F7-4668-BE54-9A1E7A4F7556}") = "Vernuntii.Console.MSBuild", "src\Vernuntii.Console.MSBuild\Vernuntii.Console.MSBuild.csproj", "{B7701F5E-ED65-4312-A56F-171F1E2B77C8}"
EndProject
Project("{2150E333-8FDC-42A3-9474-1A3956D46DE8}") = "Tests", "Tests", "{06659068-D20B-480F-B1E6-A80EF8E63052}"
	ProjectSection(SolutionItems) = preProject
		test\Directory.Build.props = test\Directory.Build.props
		test\Directory.Build.targets = test\Directory.Build.targets
		test\Packages.props = test\Packages.props
	EndProjectSection
EndProject
Project("{9A19103F-16F7-4668-BE54-9A1E7A4F7556}") = "Vernuntii.Calculator", "src\Vernuntii.Calculator\Vernuntii.Calculator.csproj", "{3D24C67E-91A8-4B2F-A5C1-EC18EB077230}"
EndProject
Project("{9A19103F-16F7-4668-BE54-9A1E7A4F7556}") = "Vernuntii.Calculator.Test", "test\Vernuntii.Calculator.Test\Vernuntii.Calculator.Test.csproj", "{D2755751-3065-4CCE-BDF3-DB5C5AD53022}"
EndProject
Project("{9A19103F-16F7-4668-BE54-9A1E7A4F7556}") = "Vernuntii.Console", "src\Vernuntii.Console\Vernuntii.Console.csproj", "{1A83F760-4402-44B3-95A5-EC485B4C90BF}"
EndProject
Project("{9A19103F-16F7-4668-BE54-9A1E7A4F7556}") = "Vernuntii.Abstractions", "src\Vernuntii.Abstractions\Vernuntii.Abstractions.csproj", "{A70A36E4-C583-402B-809C-49650D21C826}"
EndProject
Project("{9A19103F-16F7-4668-BE54-9A1E7A4F7556}") = "Vernuntii.Configuration.Core", "src\Vernuntii.Configuration.Core\Vernuntii.Configuration.Core.csproj", "{8CC4AE61-3694-479D-BB5A-8648E1DCB88A}"
EndProject
Project("{9A19103F-16F7-4668-BE54-9A1E7A4F7556}") = "Vernuntii.Configuration.Test", "test\Vernuntii.Configuration.Test\Vernuntii.Configuration.Test.csproj", "{06005F6C-1347-4177-B6EE-284637BDFDB7}"
EndProject
Project("{9A19103F-16F7-4668-BE54-9A1E7A4F7556}") = "Vernuntii.TestInfrastructure", "test\Vernuntii.TestInfrastructure\Vernuntii.TestInfrastructure.csproj", "{E9B8EEF4-72DF-4BF6-984D-B055C55FE0BB}"
EndProject
Project("{9A19103F-16F7-4668-BE54-9A1E7A4F7556}") = "Vernuntii.Git.Test", "test\Vernuntii.Git.Test\Vernuntii.Git.Test.csproj", "{8A1748E7-144D-4E6D-BE3F-05B2B2C2F1BF}"
EndProject
Project("{9A19103F-16F7-4668-BE54-9A1E7A4F7556}") = "Vernuntii.SemVer.Parser", "src\Vernuntii.SemVer.Parser\Vernuntii.SemVer.Parser.csproj", "{4A23E616-778F-434B-8D1E-3BF3CA4781FF}"
EndProject
Project("{9A19103F-16F7-4668-BE54-9A1E7A4F7556}") = "Vernuntii.SemVer.Parser.Test", "test\Vernuntii.SemVer.Parser.Test\Vernuntii.SemVer.Parser.Test.csproj", "{38029887-2EBA-4D0D-BA38-630648346425}"
EndProject
Project("{9A19103F-16F7-4668-BE54-9A1E7A4F7556}") = "Vernuntii.SemVer", "src\Vernuntii.SemVer\Vernuntii.SemVer.csproj", "{5CE643E9-7B54-44FE-9D1E-5ACF49DA5B32}"
EndProject
Project("{9A19103F-16F7-4668-BE54-9A1E7A4F7556}") = "Vernuntii.Autofac", "src\Vernuntii.Autofac\Vernuntii.Autofac.csproj", "{6A43AA38-05D0-4926-B974-1CAFCD6A14D5}"
EndProject
Project("{9A19103F-16F7-4668-BE54-9A1E7A4F7556}") = "Vernuntii.PluginSystem", "src\Vernuntii.PluginSystem\Vernuntii.PluginSystem.csproj", "{8B381729-EE9F-44A9-AE7D-C152F2F2E4C6}"
EndProject
Project("{9A19103F-16F7-4668-BE54-9A1E7A4F7556}") = "Vernuntii.Plugins", "src\Vernuntii.Plugins\Vernuntii.Plugins.csproj", "{A409BC7E-BD06-478E-8432-57270856FB1C}"
EndProject
Project("{9A19103F-16F7-4668-BE54-9A1E7A4F7556}") = "Vernuntii.Plugins.Core", "src\Vernuntii.Plugins.Core\Vernuntii.Plugins.Core.csproj", "{C2418D16-70D3-4BAD-8539-71620A496C25}"
EndProject
Project("{9A19103F-16F7-4668-BE54-9A1E7A4F7556}") = "Vernuntii.PluginSystem.Core", "src\Vernuntii.PluginSystem.Core\Vernuntii.PluginSystem.Core.csproj", "{DE6B133F-1618-4B06-9280-3B67703E91EB}"
EndProject
Project("{9A19103F-16F7-4668-BE54-9A1E7A4F7556}") = "Vernuntii.SemVer.Abstractions", "src\Vernuntii.SemVer.Abstractions\Vernuntii.SemVer.Abstractions.csproj", "{136A95E5-3861-45A5-8464-5A8EDA4241D3}"
EndProject
Project("{9A19103F-16F7-4668-BE54-9A1E7A4F7556}") = "Vernuntii.Configuration", "src\Vernuntii.Configuration\Vernuntii.Configuration.csproj", "{780E0106-2DA6-49D8-8461-0B2FD646E794}"
EndProject
Project("{9A19103F-16F7-4668-BE54-9A1E7A4F7556}") = "Vernuntii.SemVer.Test", "test\Vernuntii.SemVer.Test\Vernuntii.SemVer.Test.csproj", "{22E7E414-0F08-44CA-A94E-C08D05F0AE54}"
EndProject
Project("{9A19103F-16F7-4668-BE54-9A1E7A4F7556}") = "Vernuntii.Plugins.Test", "test\Vernuntii.Plugins.Test\Vernuntii.Plugins.Test.csproj", "{CD3D7280-88AF-4F78-86F8-8AE40DDCD9C2}"
EndProject
Project("{9A19103F-16F7-4668-BE54-9A1E7A4F7556}") = "Vernuntii.Common", "src\Vernuntii.Common\Vernuntii.Common.csproj", "{C0402E89-66C0-4CC6-82F8-2C8D62445407}"
EndProject
Project("{9A19103F-16F7-4668-BE54-9A1E7A4F7556}") = "Vernuntii.TestTrunkBasedDevelopment", "test\Vernuntii.TestTrunkBasedDevelopment\Vernuntii.TestTrunkBasedDevelopment.csproj", "{038243F6-5C04-4F2A-8A93-64B5D6B49D9A}"
EndProject
Project("{9A19103F-16F7-4668-BE54-9A1E7A4F7556}") = "Vernuntii.SimpleProcess", "src\Vernuntii.SimpleProcess\Vernuntii.SimpleProcess.csproj", "{85763B1D-3714-49B2-BAF1-209F3F2B0C67}"
EndProject
Project("{2150E333-8FDC-42A3-9474-1A3956D46DE8}") = "Benchmarks", "Benchmarks", "{25B60D92-580D-4F27-A1F8-1875B1C2BB72}"
EndProject
Project("{9A19103F-16F7-4668-BE54-9A1E7A4F7556}") = "Vernuntii.Console.GlobalTool.Benchmark", "perf\Vernuntii.Console.GlobalTool.Benchmark\Vernuntii.Console.GlobalTool.Benchmark.csproj", "{6B29DBCC-12A9-4540-85A9-5AA9DE3E93D3}"
EndProject
Project("{9A19103F-16F7-4668-BE54-9A1E7A4F7556}") = "Vernuntii.Console.Executable", "src\Vernuntii.Console.Executable\Vernuntii.Console.Executable.csproj", "{3C3A5475-7C7A-44F8-955E-EC52BE6CCFBA}"
EndProject
Project("{9A19103F-16F7-4668-BE54-9A1E7A4F7556}") = "Vernuntii.Console.GlobalTool.win-x64", "src\Vernuntii.Console.GlobalTool.win-x64\Vernuntii.Console.GlobalTool.win-x64.csproj", "{2850F308-A3D3-4FAF-88B7-F2F101661153}"
EndProject
Project("{9A19103F-16F7-4668-BE54-9A1E7A4F7556}") = "Vernuntii.Console.GlobalTool.linux-x64", "src\Vernuntii.Console.GlobalTool.linux-x64\Vernuntii.Console.GlobalTool.linux-x64.csproj", "{4A9833BF-D654-468E-9FE1-6E91179001F4}"
EndProject
Project("{9A19103F-16F7-4668-BE54-9A1E7A4F7556}") = "Vernuntii.Console.GlobalTool.osx-x64", "src\Vernuntii.Console.GlobalTool.osx-x64\Vernuntii.Console.GlobalTool.osx-x64.csproj", "{C68FDAC1-C3C4-49B9-A39E-6FB6E6F594A4}"
EndProject
Project("{9A19103F-16F7-4668-BE54-9A1E7A4F7556}") = "Vernuntii.Console.GlobalTool.Executable", "src\Vernuntii.Console.GlobalTool.Executable\Vernuntii.Console.GlobalTool.Executable.csproj", "{230E9355-188F-4DBC-B914-A041C0D556A5}"
EndProject
Project("{9A19103F-16F7-4668-BE54-9A1E7A4F7556}") = "Vernuntii.Console.win-x64", "src\Vernuntii.Console.win-x64\Vernuntii.Console.win-x64.csproj", "{A122520A-0A73-4E46-B263-ABD42728BCC7}"
EndProject
Project("{9A19103F-16F7-4668-BE54-9A1E7A4F7556}") = "Vernuntii.Console.osx-x64", "src\Vernuntii.Console.osx-x64\Vernuntii.Console.osx-x64.csproj", "{ECCBB405-5F10-4B27-ACA0-282054079F30}"
EndProject
Project("{9A19103F-16F7-4668-BE54-9A1E7A4F7556}") = "Vernuntii.Console.linux-x64", "src\Vernuntii.Console.linux-x64\Vernuntii.Console.linux-x64.csproj", "{DDD9EEC8-0FC5-4824-A555-A53A00111089}"
EndProject
Global
	GlobalSection(SolutionConfigurationPlatforms) = preSolution
		Debug|Any CPU = Debug|Any CPU
		Debug|x64 = Debug|x64
		Debug|x86 = Debug|x86
		Release|Any CPU = Release|Any CPU
		Release|x64 = Release|x64
		Release|x86 = Release|x86
	EndGlobalSection
	GlobalSection(ProjectConfigurationPlatforms) = postSolution
		{FE6DC2D7-0C05-4A1B-86FE-62050D3F7A4A}.Debug|Any CPU.ActiveCfg = Debug|Any CPU
		{FE6DC2D7-0C05-4A1B-86FE-62050D3F7A4A}.Debug|Any CPU.Build.0 = Debug|Any CPU
		{FE6DC2D7-0C05-4A1B-86FE-62050D3F7A4A}.Debug|x64.ActiveCfg = Debug|Any CPU
		{FE6DC2D7-0C05-4A1B-86FE-62050D3F7A4A}.Debug|x64.Build.0 = Debug|Any CPU
		{FE6DC2D7-0C05-4A1B-86FE-62050D3F7A4A}.Debug|x86.ActiveCfg = Debug|Any CPU
		{FE6DC2D7-0C05-4A1B-86FE-62050D3F7A4A}.Debug|x86.Build.0 = Debug|Any CPU
		{FE6DC2D7-0C05-4A1B-86FE-62050D3F7A4A}.Release|Any CPU.ActiveCfg = Release|Any CPU
		{FE6DC2D7-0C05-4A1B-86FE-62050D3F7A4A}.Release|Any CPU.Build.0 = Release|Any CPU
		{FE6DC2D7-0C05-4A1B-86FE-62050D3F7A4A}.Release|x64.ActiveCfg = Release|Any CPU
		{FE6DC2D7-0C05-4A1B-86FE-62050D3F7A4A}.Release|x64.Build.0 = Release|Any CPU
		{FE6DC2D7-0C05-4A1B-86FE-62050D3F7A4A}.Release|x86.ActiveCfg = Release|Any CPU
		{FE6DC2D7-0C05-4A1B-86FE-62050D3F7A4A}.Release|x86.Build.0 = Release|Any CPU
		{B7701F5E-ED65-4312-A56F-171F1E2B77C8}.Debug|Any CPU.ActiveCfg = Debug|Any CPU
		{B7701F5E-ED65-4312-A56F-171F1E2B77C8}.Debug|Any CPU.Build.0 = Debug|Any CPU
		{B7701F5E-ED65-4312-A56F-171F1E2B77C8}.Debug|x64.ActiveCfg = Debug|Any CPU
		{B7701F5E-ED65-4312-A56F-171F1E2B77C8}.Debug|x64.Build.0 = Debug|Any CPU
		{B7701F5E-ED65-4312-A56F-171F1E2B77C8}.Debug|x86.ActiveCfg = Debug|Any CPU
		{B7701F5E-ED65-4312-A56F-171F1E2B77C8}.Debug|x86.Build.0 = Debug|Any CPU
		{B7701F5E-ED65-4312-A56F-171F1E2B77C8}.Release|Any CPU.ActiveCfg = Release|Any CPU
		{B7701F5E-ED65-4312-A56F-171F1E2B77C8}.Release|Any CPU.Build.0 = Release|Any CPU
		{B7701F5E-ED65-4312-A56F-171F1E2B77C8}.Release|x64.ActiveCfg = Release|Any CPU
		{B7701F5E-ED65-4312-A56F-171F1E2B77C8}.Release|x64.Build.0 = Release|Any CPU
		{B7701F5E-ED65-4312-A56F-171F1E2B77C8}.Release|x86.ActiveCfg = Release|Any CPU
		{B7701F5E-ED65-4312-A56F-171F1E2B77C8}.Release|x86.Build.0 = Release|Any CPU
		{3D24C67E-91A8-4B2F-A5C1-EC18EB077230}.Debug|Any CPU.ActiveCfg = Debug|Any CPU
		{3D24C67E-91A8-4B2F-A5C1-EC18EB077230}.Debug|Any CPU.Build.0 = Debug|Any CPU
		{3D24C67E-91A8-4B2F-A5C1-EC18EB077230}.Debug|x64.ActiveCfg = Debug|Any CPU
		{3D24C67E-91A8-4B2F-A5C1-EC18EB077230}.Debug|x64.Build.0 = Debug|Any CPU
		{3D24C67E-91A8-4B2F-A5C1-EC18EB077230}.Debug|x86.ActiveCfg = Debug|Any CPU
		{3D24C67E-91A8-4B2F-A5C1-EC18EB077230}.Debug|x86.Build.0 = Debug|Any CPU
		{3D24C67E-91A8-4B2F-A5C1-EC18EB077230}.Release|Any CPU.ActiveCfg = Release|Any CPU
		{3D24C67E-91A8-4B2F-A5C1-EC18EB077230}.Release|Any CPU.Build.0 = Release|Any CPU
		{3D24C67E-91A8-4B2F-A5C1-EC18EB077230}.Release|x64.ActiveCfg = Release|Any CPU
		{3D24C67E-91A8-4B2F-A5C1-EC18EB077230}.Release|x64.Build.0 = Release|Any CPU
		{3D24C67E-91A8-4B2F-A5C1-EC18EB077230}.Release|x86.ActiveCfg = Release|Any CPU
		{3D24C67E-91A8-4B2F-A5C1-EC18EB077230}.Release|x86.Build.0 = Release|Any CPU
		{D2755751-3065-4CCE-BDF3-DB5C5AD53022}.Debug|Any CPU.ActiveCfg = Debug|Any CPU
		{D2755751-3065-4CCE-BDF3-DB5C5AD53022}.Debug|Any CPU.Build.0 = Debug|Any CPU
		{D2755751-3065-4CCE-BDF3-DB5C5AD53022}.Debug|x64.ActiveCfg = Debug|Any CPU
		{D2755751-3065-4CCE-BDF3-DB5C5AD53022}.Debug|x64.Build.0 = Debug|Any CPU
		{D2755751-3065-4CCE-BDF3-DB5C5AD53022}.Debug|x86.ActiveCfg = Debug|Any CPU
		{D2755751-3065-4CCE-BDF3-DB5C5AD53022}.Debug|x86.Build.0 = Debug|Any CPU
		{D2755751-3065-4CCE-BDF3-DB5C5AD53022}.Release|Any CPU.ActiveCfg = Release|Any CPU
		{D2755751-3065-4CCE-BDF3-DB5C5AD53022}.Release|Any CPU.Build.0 = Release|Any CPU
		{D2755751-3065-4CCE-BDF3-DB5C5AD53022}.Release|x64.ActiveCfg = Release|Any CPU
		{D2755751-3065-4CCE-BDF3-DB5C5AD53022}.Release|x64.Build.0 = Release|Any CPU
		{D2755751-3065-4CCE-BDF3-DB5C5AD53022}.Release|x86.ActiveCfg = Release|Any CPU
		{D2755751-3065-4CCE-BDF3-DB5C5AD53022}.Release|x86.Build.0 = Release|Any CPU
		{1A83F760-4402-44B3-95A5-EC485B4C90BF}.Debug|Any CPU.ActiveCfg = Debug|Any CPU
		{1A83F760-4402-44B3-95A5-EC485B4C90BF}.Debug|Any CPU.Build.0 = Debug|Any CPU
		{1A83F760-4402-44B3-95A5-EC485B4C90BF}.Debug|x64.ActiveCfg = Debug|Any CPU
		{1A83F760-4402-44B3-95A5-EC485B4C90BF}.Debug|x64.Build.0 = Debug|Any CPU
		{1A83F760-4402-44B3-95A5-EC485B4C90BF}.Debug|x86.ActiveCfg = Debug|Any CPU
		{1A83F760-4402-44B3-95A5-EC485B4C90BF}.Debug|x86.Build.0 = Debug|Any CPU
		{1A83F760-4402-44B3-95A5-EC485B4C90BF}.Release|Any CPU.ActiveCfg = Release|Any CPU
		{1A83F760-4402-44B3-95A5-EC485B4C90BF}.Release|Any CPU.Build.0 = Release|Any CPU
		{1A83F760-4402-44B3-95A5-EC485B4C90BF}.Release|x64.ActiveCfg = Release|Any CPU
		{1A83F760-4402-44B3-95A5-EC485B4C90BF}.Release|x64.Build.0 = Release|Any CPU
		{1A83F760-4402-44B3-95A5-EC485B4C90BF}.Release|x86.ActiveCfg = Release|Any CPU
		{1A83F760-4402-44B3-95A5-EC485B4C90BF}.Release|x86.Build.0 = Release|Any CPU
		{A70A36E4-C583-402B-809C-49650D21C826}.Debug|Any CPU.ActiveCfg = Debug|Any CPU
		{A70A36E4-C583-402B-809C-49650D21C826}.Debug|Any CPU.Build.0 = Debug|Any CPU
		{A70A36E4-C583-402B-809C-49650D21C826}.Debug|x64.ActiveCfg = Debug|Any CPU
		{A70A36E4-C583-402B-809C-49650D21C826}.Debug|x64.Build.0 = Debug|Any CPU
		{A70A36E4-C583-402B-809C-49650D21C826}.Debug|x86.ActiveCfg = Debug|Any CPU
		{A70A36E4-C583-402B-809C-49650D21C826}.Debug|x86.Build.0 = Debug|Any CPU
		{A70A36E4-C583-402B-809C-49650D21C826}.Release|Any CPU.ActiveCfg = Release|Any CPU
		{A70A36E4-C583-402B-809C-49650D21C826}.Release|Any CPU.Build.0 = Release|Any CPU
		{A70A36E4-C583-402B-809C-49650D21C826}.Release|x64.ActiveCfg = Release|Any CPU
		{A70A36E4-C583-402B-809C-49650D21C826}.Release|x64.Build.0 = Release|Any CPU
		{A70A36E4-C583-402B-809C-49650D21C826}.Release|x86.ActiveCfg = Release|Any CPU
		{A70A36E4-C583-402B-809C-49650D21C826}.Release|x86.Build.0 = Release|Any CPU
		{8CC4AE61-3694-479D-BB5A-8648E1DCB88A}.Debug|Any CPU.ActiveCfg = Debug|Any CPU
		{8CC4AE61-3694-479D-BB5A-8648E1DCB88A}.Debug|Any CPU.Build.0 = Debug|Any CPU
		{8CC4AE61-3694-479D-BB5A-8648E1DCB88A}.Debug|x64.ActiveCfg = Debug|Any CPU
		{8CC4AE61-3694-479D-BB5A-8648E1DCB88A}.Debug|x64.Build.0 = Debug|Any CPU
		{8CC4AE61-3694-479D-BB5A-8648E1DCB88A}.Debug|x86.ActiveCfg = Debug|Any CPU
		{8CC4AE61-3694-479D-BB5A-8648E1DCB88A}.Debug|x86.Build.0 = Debug|Any CPU
		{8CC4AE61-3694-479D-BB5A-8648E1DCB88A}.Release|Any CPU.ActiveCfg = Release|Any CPU
		{8CC4AE61-3694-479D-BB5A-8648E1DCB88A}.Release|Any CPU.Build.0 = Release|Any CPU
		{8CC4AE61-3694-479D-BB5A-8648E1DCB88A}.Release|x64.ActiveCfg = Release|Any CPU
		{8CC4AE61-3694-479D-BB5A-8648E1DCB88A}.Release|x64.Build.0 = Release|Any CPU
		{8CC4AE61-3694-479D-BB5A-8648E1DCB88A}.Release|x86.ActiveCfg = Release|Any CPU
		{8CC4AE61-3694-479D-BB5A-8648E1DCB88A}.Release|x86.Build.0 = Release|Any CPU
		{06005F6C-1347-4177-B6EE-284637BDFDB7}.Debug|Any CPU.ActiveCfg = Debug|Any CPU
		{06005F6C-1347-4177-B6EE-284637BDFDB7}.Debug|Any CPU.Build.0 = Debug|Any CPU
		{06005F6C-1347-4177-B6EE-284637BDFDB7}.Debug|x64.ActiveCfg = Debug|Any CPU
		{06005F6C-1347-4177-B6EE-284637BDFDB7}.Debug|x64.Build.0 = Debug|Any CPU
		{06005F6C-1347-4177-B6EE-284637BDFDB7}.Debug|x86.ActiveCfg = Debug|Any CPU
		{06005F6C-1347-4177-B6EE-284637BDFDB7}.Debug|x86.Build.0 = Debug|Any CPU
		{06005F6C-1347-4177-B6EE-284637BDFDB7}.Release|Any CPU.ActiveCfg = Release|Any CPU
		{06005F6C-1347-4177-B6EE-284637BDFDB7}.Release|Any CPU.Build.0 = Release|Any CPU
		{06005F6C-1347-4177-B6EE-284637BDFDB7}.Release|x64.ActiveCfg = Release|Any CPU
		{06005F6C-1347-4177-B6EE-284637BDFDB7}.Release|x64.Build.0 = Release|Any CPU
		{06005F6C-1347-4177-B6EE-284637BDFDB7}.Release|x86.ActiveCfg = Release|Any CPU
		{06005F6C-1347-4177-B6EE-284637BDFDB7}.Release|x86.Build.0 = Release|Any CPU
		{E9B8EEF4-72DF-4BF6-984D-B055C55FE0BB}.Debug|Any CPU.ActiveCfg = Debug|Any CPU
		{E9B8EEF4-72DF-4BF6-984D-B055C55FE0BB}.Debug|Any CPU.Build.0 = Debug|Any CPU
		{E9B8EEF4-72DF-4BF6-984D-B055C55FE0BB}.Debug|x64.ActiveCfg = Debug|Any CPU
		{E9B8EEF4-72DF-4BF6-984D-B055C55FE0BB}.Debug|x64.Build.0 = Debug|Any CPU
		{E9B8EEF4-72DF-4BF6-984D-B055C55FE0BB}.Debug|x86.ActiveCfg = Debug|Any CPU
		{E9B8EEF4-72DF-4BF6-984D-B055C55FE0BB}.Debug|x86.Build.0 = Debug|Any CPU
		{E9B8EEF4-72DF-4BF6-984D-B055C55FE0BB}.Release|Any CPU.ActiveCfg = Release|Any CPU
		{E9B8EEF4-72DF-4BF6-984D-B055C55FE0BB}.Release|Any CPU.Build.0 = Release|Any CPU
		{E9B8EEF4-72DF-4BF6-984D-B055C55FE0BB}.Release|x64.ActiveCfg = Release|Any CPU
		{E9B8EEF4-72DF-4BF6-984D-B055C55FE0BB}.Release|x64.Build.0 = Release|Any CPU
		{E9B8EEF4-72DF-4BF6-984D-B055C55FE0BB}.Release|x86.ActiveCfg = Release|Any CPU
		{E9B8EEF4-72DF-4BF6-984D-B055C55FE0BB}.Release|x86.Build.0 = Release|Any CPU
		{8A1748E7-144D-4E6D-BE3F-05B2B2C2F1BF}.Debug|Any CPU.ActiveCfg = Debug|Any CPU
		{8A1748E7-144D-4E6D-BE3F-05B2B2C2F1BF}.Debug|Any CPU.Build.0 = Debug|Any CPU
		{8A1748E7-144D-4E6D-BE3F-05B2B2C2F1BF}.Debug|x64.ActiveCfg = Debug|Any CPU
		{8A1748E7-144D-4E6D-BE3F-05B2B2C2F1BF}.Debug|x64.Build.0 = Debug|Any CPU
		{8A1748E7-144D-4E6D-BE3F-05B2B2C2F1BF}.Debug|x86.ActiveCfg = Debug|Any CPU
		{8A1748E7-144D-4E6D-BE3F-05B2B2C2F1BF}.Debug|x86.Build.0 = Debug|Any CPU
		{8A1748E7-144D-4E6D-BE3F-05B2B2C2F1BF}.Release|Any CPU.ActiveCfg = Release|Any CPU
		{8A1748E7-144D-4E6D-BE3F-05B2B2C2F1BF}.Release|Any CPU.Build.0 = Release|Any CPU
		{8A1748E7-144D-4E6D-BE3F-05B2B2C2F1BF}.Release|x64.ActiveCfg = Release|Any CPU
		{8A1748E7-144D-4E6D-BE3F-05B2B2C2F1BF}.Release|x64.Build.0 = Release|Any CPU
		{8A1748E7-144D-4E6D-BE3F-05B2B2C2F1BF}.Release|x86.ActiveCfg = Release|Any CPU
		{8A1748E7-144D-4E6D-BE3F-05B2B2C2F1BF}.Release|x86.Build.0 = Release|Any CPU
		{4A23E616-778F-434B-8D1E-3BF3CA4781FF}.Debug|Any CPU.ActiveCfg = Debug|Any CPU
		{4A23E616-778F-434B-8D1E-3BF3CA4781FF}.Debug|Any CPU.Build.0 = Debug|Any CPU
		{4A23E616-778F-434B-8D1E-3BF3CA4781FF}.Debug|x64.ActiveCfg = Debug|Any CPU
		{4A23E616-778F-434B-8D1E-3BF3CA4781FF}.Debug|x64.Build.0 = Debug|Any CPU
		{4A23E616-778F-434B-8D1E-3BF3CA4781FF}.Debug|x86.ActiveCfg = Debug|Any CPU
		{4A23E616-778F-434B-8D1E-3BF3CA4781FF}.Debug|x86.Build.0 = Debug|Any CPU
		{4A23E616-778F-434B-8D1E-3BF3CA4781FF}.Release|Any CPU.ActiveCfg = Release|Any CPU
		{4A23E616-778F-434B-8D1E-3BF3CA4781FF}.Release|Any CPU.Build.0 = Release|Any CPU
		{4A23E616-778F-434B-8D1E-3BF3CA4781FF}.Release|x64.ActiveCfg = Release|Any CPU
		{4A23E616-778F-434B-8D1E-3BF3CA4781FF}.Release|x64.Build.0 = Release|Any CPU
		{4A23E616-778F-434B-8D1E-3BF3CA4781FF}.Release|x86.ActiveCfg = Release|Any CPU
		{4A23E616-778F-434B-8D1E-3BF3CA4781FF}.Release|x86.Build.0 = Release|Any CPU
		{38029887-2EBA-4D0D-BA38-630648346425}.Debug|Any CPU.ActiveCfg = Debug|Any CPU
		{38029887-2EBA-4D0D-BA38-630648346425}.Debug|Any CPU.Build.0 = Debug|Any CPU
		{38029887-2EBA-4D0D-BA38-630648346425}.Debug|x64.ActiveCfg = Debug|Any CPU
		{38029887-2EBA-4D0D-BA38-630648346425}.Debug|x64.Build.0 = Debug|Any CPU
		{38029887-2EBA-4D0D-BA38-630648346425}.Debug|x86.ActiveCfg = Debug|Any CPU
		{38029887-2EBA-4D0D-BA38-630648346425}.Debug|x86.Build.0 = Debug|Any CPU
		{38029887-2EBA-4D0D-BA38-630648346425}.Release|Any CPU.ActiveCfg = Release|Any CPU
		{38029887-2EBA-4D0D-BA38-630648346425}.Release|Any CPU.Build.0 = Release|Any CPU
		{38029887-2EBA-4D0D-BA38-630648346425}.Release|x64.ActiveCfg = Release|Any CPU
		{38029887-2EBA-4D0D-BA38-630648346425}.Release|x64.Build.0 = Release|Any CPU
		{38029887-2EBA-4D0D-BA38-630648346425}.Release|x86.ActiveCfg = Release|Any CPU
		{38029887-2EBA-4D0D-BA38-630648346425}.Release|x86.Build.0 = Release|Any CPU
		{5CE643E9-7B54-44FE-9D1E-5ACF49DA5B32}.Debug|Any CPU.ActiveCfg = Debug|Any CPU
		{5CE643E9-7B54-44FE-9D1E-5ACF49DA5B32}.Debug|Any CPU.Build.0 = Debug|Any CPU
		{5CE643E9-7B54-44FE-9D1E-5ACF49DA5B32}.Debug|x64.ActiveCfg = Debug|Any CPU
		{5CE643E9-7B54-44FE-9D1E-5ACF49DA5B32}.Debug|x64.Build.0 = Debug|Any CPU
		{5CE643E9-7B54-44FE-9D1E-5ACF49DA5B32}.Debug|x86.ActiveCfg = Debug|Any CPU
		{5CE643E9-7B54-44FE-9D1E-5ACF49DA5B32}.Debug|x86.Build.0 = Debug|Any CPU
		{5CE643E9-7B54-44FE-9D1E-5ACF49DA5B32}.Release|Any CPU.ActiveCfg = Release|Any CPU
		{5CE643E9-7B54-44FE-9D1E-5ACF49DA5B32}.Release|Any CPU.Build.0 = Release|Any CPU
		{5CE643E9-7B54-44FE-9D1E-5ACF49DA5B32}.Release|x64.ActiveCfg = Release|Any CPU
		{5CE643E9-7B54-44FE-9D1E-5ACF49DA5B32}.Release|x64.Build.0 = Release|Any CPU
		{5CE643E9-7B54-44FE-9D1E-5ACF49DA5B32}.Release|x86.ActiveCfg = Release|Any CPU
		{5CE643E9-7B54-44FE-9D1E-5ACF49DA5B32}.Release|x86.Build.0 = Release|Any CPU
		{6A43AA38-05D0-4926-B974-1CAFCD6A14D5}.Debug|Any CPU.ActiveCfg = Debug|Any CPU
		{6A43AA38-05D0-4926-B974-1CAFCD6A14D5}.Debug|Any CPU.Build.0 = Debug|Any CPU
		{6A43AA38-05D0-4926-B974-1CAFCD6A14D5}.Debug|x64.ActiveCfg = Debug|Any CPU
		{6A43AA38-05D0-4926-B974-1CAFCD6A14D5}.Debug|x64.Build.0 = Debug|Any CPU
		{6A43AA38-05D0-4926-B974-1CAFCD6A14D5}.Debug|x86.ActiveCfg = Debug|Any CPU
		{6A43AA38-05D0-4926-B974-1CAFCD6A14D5}.Debug|x86.Build.0 = Debug|Any CPU
		{6A43AA38-05D0-4926-B974-1CAFCD6A14D5}.Release|Any CPU.ActiveCfg = Release|Any CPU
		{6A43AA38-05D0-4926-B974-1CAFCD6A14D5}.Release|Any CPU.Build.0 = Release|Any CPU
		{6A43AA38-05D0-4926-B974-1CAFCD6A14D5}.Release|x64.ActiveCfg = Release|Any CPU
		{6A43AA38-05D0-4926-B974-1CAFCD6A14D5}.Release|x64.Build.0 = Release|Any CPU
		{6A43AA38-05D0-4926-B974-1CAFCD6A14D5}.Release|x86.ActiveCfg = Release|Any CPU
		{6A43AA38-05D0-4926-B974-1CAFCD6A14D5}.Release|x86.Build.0 = Release|Any CPU
		{8B381729-EE9F-44A9-AE7D-C152F2F2E4C6}.Debug|Any CPU.ActiveCfg = Debug|Any CPU
		{8B381729-EE9F-44A9-AE7D-C152F2F2E4C6}.Debug|Any CPU.Build.0 = Debug|Any CPU
		{8B381729-EE9F-44A9-AE7D-C152F2F2E4C6}.Debug|x64.ActiveCfg = Debug|Any CPU
		{8B381729-EE9F-44A9-AE7D-C152F2F2E4C6}.Debug|x64.Build.0 = Debug|Any CPU
		{8B381729-EE9F-44A9-AE7D-C152F2F2E4C6}.Debug|x86.ActiveCfg = Debug|Any CPU
		{8B381729-EE9F-44A9-AE7D-C152F2F2E4C6}.Debug|x86.Build.0 = Debug|Any CPU
		{8B381729-EE9F-44A9-AE7D-C152F2F2E4C6}.Release|Any CPU.ActiveCfg = Release|Any CPU
		{8B381729-EE9F-44A9-AE7D-C152F2F2E4C6}.Release|Any CPU.Build.0 = Release|Any CPU
		{8B381729-EE9F-44A9-AE7D-C152F2F2E4C6}.Release|x64.ActiveCfg = Release|Any CPU
		{8B381729-EE9F-44A9-AE7D-C152F2F2E4C6}.Release|x64.Build.0 = Release|Any CPU
		{8B381729-EE9F-44A9-AE7D-C152F2F2E4C6}.Release|x86.ActiveCfg = Release|Any CPU
		{8B381729-EE9F-44A9-AE7D-C152F2F2E4C6}.Release|x86.Build.0 = Release|Any CPU
		{A409BC7E-BD06-478E-8432-57270856FB1C}.Debug|Any CPU.ActiveCfg = Debug|Any CPU
		{A409BC7E-BD06-478E-8432-57270856FB1C}.Debug|Any CPU.Build.0 = Debug|Any CPU
		{A409BC7E-BD06-478E-8432-57270856FB1C}.Debug|x64.ActiveCfg = Debug|Any CPU
		{A409BC7E-BD06-478E-8432-57270856FB1C}.Debug|x64.Build.0 = Debug|Any CPU
		{A409BC7E-BD06-478E-8432-57270856FB1C}.Debug|x86.ActiveCfg = Debug|Any CPU
		{A409BC7E-BD06-478E-8432-57270856FB1C}.Debug|x86.Build.0 = Debug|Any CPU
		{A409BC7E-BD06-478E-8432-57270856FB1C}.Release|Any CPU.ActiveCfg = Release|Any CPU
		{A409BC7E-BD06-478E-8432-57270856FB1C}.Release|Any CPU.Build.0 = Release|Any CPU
		{A409BC7E-BD06-478E-8432-57270856FB1C}.Release|x64.ActiveCfg = Release|Any CPU
		{A409BC7E-BD06-478E-8432-57270856FB1C}.Release|x64.Build.0 = Release|Any CPU
		{A409BC7E-BD06-478E-8432-57270856FB1C}.Release|x86.ActiveCfg = Release|Any CPU
		{A409BC7E-BD06-478E-8432-57270856FB1C}.Release|x86.Build.0 = Release|Any CPU
		{C2418D16-70D3-4BAD-8539-71620A496C25}.Debug|Any CPU.ActiveCfg = Debug|Any CPU
		{C2418D16-70D3-4BAD-8539-71620A496C25}.Debug|Any CPU.Build.0 = Debug|Any CPU
		{C2418D16-70D3-4BAD-8539-71620A496C25}.Debug|x64.ActiveCfg = Debug|Any CPU
		{C2418D16-70D3-4BAD-8539-71620A496C25}.Debug|x64.Build.0 = Debug|Any CPU
		{C2418D16-70D3-4BAD-8539-71620A496C25}.Debug|x86.ActiveCfg = Debug|Any CPU
		{C2418D16-70D3-4BAD-8539-71620A496C25}.Debug|x86.Build.0 = Debug|Any CPU
		{C2418D16-70D3-4BAD-8539-71620A496C25}.Release|Any CPU.ActiveCfg = Release|Any CPU
		{C2418D16-70D3-4BAD-8539-71620A496C25}.Release|Any CPU.Build.0 = Release|Any CPU
		{C2418D16-70D3-4BAD-8539-71620A496C25}.Release|x64.ActiveCfg = Release|Any CPU
		{C2418D16-70D3-4BAD-8539-71620A496C25}.Release|x64.Build.0 = Release|Any CPU
		{C2418D16-70D3-4BAD-8539-71620A496C25}.Release|x86.ActiveCfg = Release|Any CPU
		{C2418D16-70D3-4BAD-8539-71620A496C25}.Release|x86.Build.0 = Release|Any CPU
		{DE6B133F-1618-4B06-9280-3B67703E91EB}.Debug|Any CPU.ActiveCfg = Debug|Any CPU
		{DE6B133F-1618-4B06-9280-3B67703E91EB}.Debug|Any CPU.Build.0 = Debug|Any CPU
		{DE6B133F-1618-4B06-9280-3B67703E91EB}.Debug|x64.ActiveCfg = Debug|Any CPU
		{DE6B133F-1618-4B06-9280-3B67703E91EB}.Debug|x64.Build.0 = Debug|Any CPU
		{DE6B133F-1618-4B06-9280-3B67703E91EB}.Debug|x86.ActiveCfg = Debug|Any CPU
		{DE6B133F-1618-4B06-9280-3B67703E91EB}.Debug|x86.Build.0 = Debug|Any CPU
		{DE6B133F-1618-4B06-9280-3B67703E91EB}.Release|Any CPU.ActiveCfg = Release|Any CPU
		{DE6B133F-1618-4B06-9280-3B67703E91EB}.Release|Any CPU.Build.0 = Release|Any CPU
		{DE6B133F-1618-4B06-9280-3B67703E91EB}.Release|x64.ActiveCfg = Release|Any CPU
		{DE6B133F-1618-4B06-9280-3B67703E91EB}.Release|x64.Build.0 = Release|Any CPU
		{DE6B133F-1618-4B06-9280-3B67703E91EB}.Release|x86.ActiveCfg = Release|Any CPU
		{DE6B133F-1618-4B06-9280-3B67703E91EB}.Release|x86.Build.0 = Release|Any CPU
		{136A95E5-3861-45A5-8464-5A8EDA4241D3}.Debug|Any CPU.ActiveCfg = Debug|Any CPU
		{136A95E5-3861-45A5-8464-5A8EDA4241D3}.Debug|Any CPU.Build.0 = Debug|Any CPU
		{136A95E5-3861-45A5-8464-5A8EDA4241D3}.Debug|x64.ActiveCfg = Debug|Any CPU
		{136A95E5-3861-45A5-8464-5A8EDA4241D3}.Debug|x64.Build.0 = Debug|Any CPU
		{136A95E5-3861-45A5-8464-5A8EDA4241D3}.Debug|x86.ActiveCfg = Debug|Any CPU
		{136A95E5-3861-45A5-8464-5A8EDA4241D3}.Debug|x86.Build.0 = Debug|Any CPU
		{136A95E5-3861-45A5-8464-5A8EDA4241D3}.Release|Any CPU.ActiveCfg = Release|Any CPU
		{136A95E5-3861-45A5-8464-5A8EDA4241D3}.Release|Any CPU.Build.0 = Release|Any CPU
		{136A95E5-3861-45A5-8464-5A8EDA4241D3}.Release|x64.ActiveCfg = Release|Any CPU
		{136A95E5-3861-45A5-8464-5A8EDA4241D3}.Release|x64.Build.0 = Release|Any CPU
		{136A95E5-3861-45A5-8464-5A8EDA4241D3}.Release|x86.ActiveCfg = Release|Any CPU
		{136A95E5-3861-45A5-8464-5A8EDA4241D3}.Release|x86.Build.0 = Release|Any CPU
		{780E0106-2DA6-49D8-8461-0B2FD646E794}.Debug|Any CPU.ActiveCfg = Debug|Any CPU
		{780E0106-2DA6-49D8-8461-0B2FD646E794}.Debug|Any CPU.Build.0 = Debug|Any CPU
		{780E0106-2DA6-49D8-8461-0B2FD646E794}.Debug|x64.ActiveCfg = Debug|Any CPU
		{780E0106-2DA6-49D8-8461-0B2FD646E794}.Debug|x64.Build.0 = Debug|Any CPU
		{780E0106-2DA6-49D8-8461-0B2FD646E794}.Debug|x86.ActiveCfg = Debug|Any CPU
		{780E0106-2DA6-49D8-8461-0B2FD646E794}.Debug|x86.Build.0 = Debug|Any CPU
		{780E0106-2DA6-49D8-8461-0B2FD646E794}.Release|Any CPU.ActiveCfg = Release|Any CPU
		{780E0106-2DA6-49D8-8461-0B2FD646E794}.Release|Any CPU.Build.0 = Release|Any CPU
		{780E0106-2DA6-49D8-8461-0B2FD646E794}.Release|x64.ActiveCfg = Release|Any CPU
		{780E0106-2DA6-49D8-8461-0B2FD646E794}.Release|x64.Build.0 = Release|Any CPU
		{780E0106-2DA6-49D8-8461-0B2FD646E794}.Release|x86.ActiveCfg = Release|Any CPU
		{780E0106-2DA6-49D8-8461-0B2FD646E794}.Release|x86.Build.0 = Release|Any CPU
		{22E7E414-0F08-44CA-A94E-C08D05F0AE54}.Debug|Any CPU.ActiveCfg = Debug|Any CPU
		{22E7E414-0F08-44CA-A94E-C08D05F0AE54}.Debug|Any CPU.Build.0 = Debug|Any CPU
		{22E7E414-0F08-44CA-A94E-C08D05F0AE54}.Debug|x64.ActiveCfg = Debug|Any CPU
		{22E7E414-0F08-44CA-A94E-C08D05F0AE54}.Debug|x64.Build.0 = Debug|Any CPU
		{22E7E414-0F08-44CA-A94E-C08D05F0AE54}.Debug|x86.ActiveCfg = Debug|Any CPU
		{22E7E414-0F08-44CA-A94E-C08D05F0AE54}.Debug|x86.Build.0 = Debug|Any CPU
		{22E7E414-0F08-44CA-A94E-C08D05F0AE54}.Release|Any CPU.ActiveCfg = Release|Any CPU
		{22E7E414-0F08-44CA-A94E-C08D05F0AE54}.Release|Any CPU.Build.0 = Release|Any CPU
		{22E7E414-0F08-44CA-A94E-C08D05F0AE54}.Release|x64.ActiveCfg = Release|Any CPU
		{22E7E414-0F08-44CA-A94E-C08D05F0AE54}.Release|x64.Build.0 = Release|Any CPU
		{22E7E414-0F08-44CA-A94E-C08D05F0AE54}.Release|x86.ActiveCfg = Release|Any CPU
		{22E7E414-0F08-44CA-A94E-C08D05F0AE54}.Release|x86.Build.0 = Release|Any CPU
		{CD3D7280-88AF-4F78-86F8-8AE40DDCD9C2}.Debug|Any CPU.ActiveCfg = Debug|Any CPU
		{CD3D7280-88AF-4F78-86F8-8AE40DDCD9C2}.Debug|Any CPU.Build.0 = Debug|Any CPU
		{CD3D7280-88AF-4F78-86F8-8AE40DDCD9C2}.Debug|x64.ActiveCfg = Debug|Any CPU
		{CD3D7280-88AF-4F78-86F8-8AE40DDCD9C2}.Debug|x64.Build.0 = Debug|Any CPU
		{CD3D7280-88AF-4F78-86F8-8AE40DDCD9C2}.Debug|x86.ActiveCfg = Debug|Any CPU
		{CD3D7280-88AF-4F78-86F8-8AE40DDCD9C2}.Debug|x86.Build.0 = Debug|Any CPU
		{CD3D7280-88AF-4F78-86F8-8AE40DDCD9C2}.Release|Any CPU.ActiveCfg = Release|Any CPU
		{CD3D7280-88AF-4F78-86F8-8AE40DDCD9C2}.Release|Any CPU.Build.0 = Release|Any CPU
		{CD3D7280-88AF-4F78-86F8-8AE40DDCD9C2}.Release|x64.ActiveCfg = Release|Any CPU
		{CD3D7280-88AF-4F78-86F8-8AE40DDCD9C2}.Release|x64.Build.0 = Release|Any CPU
		{CD3D7280-88AF-4F78-86F8-8AE40DDCD9C2}.Release|x86.ActiveCfg = Release|Any CPU
		{CD3D7280-88AF-4F78-86F8-8AE40DDCD9C2}.Release|x86.Build.0 = Release|Any CPU
		{C0402E89-66C0-4CC6-82F8-2C8D62445407}.Debug|Any CPU.ActiveCfg = Debug|Any CPU
		{C0402E89-66C0-4CC6-82F8-2C8D62445407}.Debug|Any CPU.Build.0 = Debug|Any CPU
		{C0402E89-66C0-4CC6-82F8-2C8D62445407}.Debug|x64.ActiveCfg = Debug|Any CPU
		{C0402E89-66C0-4CC6-82F8-2C8D62445407}.Debug|x64.Build.0 = Debug|Any CPU
		{C0402E89-66C0-4CC6-82F8-2C8D62445407}.Debug|x86.ActiveCfg = Debug|Any CPU
		{C0402E89-66C0-4CC6-82F8-2C8D62445407}.Debug|x86.Build.0 = Debug|Any CPU
		{C0402E89-66C0-4CC6-82F8-2C8D62445407}.Release|Any CPU.ActiveCfg = Release|Any CPU
		{C0402E89-66C0-4CC6-82F8-2C8D62445407}.Release|Any CPU.Build.0 = Release|Any CPU
		{C0402E89-66C0-4CC6-82F8-2C8D62445407}.Release|x64.ActiveCfg = Release|Any CPU
		{C0402E89-66C0-4CC6-82F8-2C8D62445407}.Release|x64.Build.0 = Release|Any CPU
		{C0402E89-66C0-4CC6-82F8-2C8D62445407}.Release|x86.ActiveCfg = Release|Any CPU
		{C0402E89-66C0-4CC6-82F8-2C8D62445407}.Release|x86.Build.0 = Release|Any CPU
		{038243F6-5C04-4F2A-8A93-64B5D6B49D9A}.Debug|Any CPU.ActiveCfg = Debug|Any CPU
		{038243F6-5C04-4F2A-8A93-64B5D6B49D9A}.Debug|Any CPU.Build.0 = Debug|Any CPU
		{038243F6-5C04-4F2A-8A93-64B5D6B49D9A}.Debug|x64.ActiveCfg = Debug|Any CPU
		{038243F6-5C04-4F2A-8A93-64B5D6B49D9A}.Debug|x64.Build.0 = Debug|Any CPU
		{038243F6-5C04-4F2A-8A93-64B5D6B49D9A}.Debug|x86.ActiveCfg = Debug|Any CPU
		{038243F6-5C04-4F2A-8A93-64B5D6B49D9A}.Debug|x86.Build.0 = Debug|Any CPU
		{038243F6-5C04-4F2A-8A93-64B5D6B49D9A}.Release|Any CPU.ActiveCfg = Release|Any CPU
		{038243F6-5C04-4F2A-8A93-64B5D6B49D9A}.Release|Any CPU.Build.0 = Release|Any CPU
		{038243F6-5C04-4F2A-8A93-64B5D6B49D9A}.Release|x64.ActiveCfg = Release|Any CPU
		{038243F6-5C04-4F2A-8A93-64B5D6B49D9A}.Release|x64.Build.0 = Release|Any CPU
		{038243F6-5C04-4F2A-8A93-64B5D6B49D9A}.Release|x86.ActiveCfg = Release|Any CPU
		{038243F6-5C04-4F2A-8A93-64B5D6B49D9A}.Release|x86.Build.0 = Release|Any CPU
		{85763B1D-3714-49B2-BAF1-209F3F2B0C67}.Debug|Any CPU.ActiveCfg = Debug|Any CPU
		{85763B1D-3714-49B2-BAF1-209F3F2B0C67}.Debug|Any CPU.Build.0 = Debug|Any CPU
		{85763B1D-3714-49B2-BAF1-209F3F2B0C67}.Debug|x64.ActiveCfg = Debug|Any CPU
		{85763B1D-3714-49B2-BAF1-209F3F2B0C67}.Debug|x64.Build.0 = Debug|Any CPU
		{85763B1D-3714-49B2-BAF1-209F3F2B0C67}.Debug|x86.ActiveCfg = Debug|Any CPU
		{85763B1D-3714-49B2-BAF1-209F3F2B0C67}.Debug|x86.Build.0 = Debug|Any CPU
		{85763B1D-3714-49B2-BAF1-209F3F2B0C67}.Release|Any CPU.ActiveCfg = Release|Any CPU
		{85763B1D-3714-49B2-BAF1-209F3F2B0C67}.Release|Any CPU.Build.0 = Release|Any CPU
		{85763B1D-3714-49B2-BAF1-209F3F2B0C67}.Release|x64.ActiveCfg = Release|Any CPU
		{85763B1D-3714-49B2-BAF1-209F3F2B0C67}.Release|x64.Build.0 = Release|Any CPU
		{85763B1D-3714-49B2-BAF1-209F3F2B0C67}.Release|x86.ActiveCfg = Release|Any CPU
		{85763B1D-3714-49B2-BAF1-209F3F2B0C67}.Release|x86.Build.0 = Release|Any CPU
		{6B29DBCC-12A9-4540-85A9-5AA9DE3E93D3}.Debug|Any CPU.ActiveCfg = Debug|Any CPU
		{6B29DBCC-12A9-4540-85A9-5AA9DE3E93D3}.Debug|Any CPU.Build.0 = Debug|Any CPU
		{6B29DBCC-12A9-4540-85A9-5AA9DE3E93D3}.Debug|x64.ActiveCfg = Debug|Any CPU
		{6B29DBCC-12A9-4540-85A9-5AA9DE3E93D3}.Debug|x64.Build.0 = Debug|Any CPU
		{6B29DBCC-12A9-4540-85A9-5AA9DE3E93D3}.Debug|x86.ActiveCfg = Debug|Any CPU
		{6B29DBCC-12A9-4540-85A9-5AA9DE3E93D3}.Debug|x86.Build.0 = Debug|Any CPU
		{6B29DBCC-12A9-4540-85A9-5AA9DE3E93D3}.Release|Any CPU.ActiveCfg = Release|Any CPU
		{6B29DBCC-12A9-4540-85A9-5AA9DE3E93D3}.Release|Any CPU.Build.0 = Release|Any CPU
		{6B29DBCC-12A9-4540-85A9-5AA9DE3E93D3}.Release|x64.ActiveCfg = Release|Any CPU
		{6B29DBCC-12A9-4540-85A9-5AA9DE3E93D3}.Release|x64.Build.0 = Release|Any CPU
		{6B29DBCC-12A9-4540-85A9-5AA9DE3E93D3}.Release|x86.ActiveCfg = Release|Any CPU
		{6B29DBCC-12A9-4540-85A9-5AA9DE3E93D3}.Release|x86.Build.0 = Release|Any CPU
		{3C3A5475-7C7A-44F8-955E-EC52BE6CCFBA}.Debug|Any CPU.ActiveCfg = Debug|Any CPU
		{3C3A5475-7C7A-44F8-955E-EC52BE6CCFBA}.Debug|Any CPU.Build.0 = Debug|Any CPU
		{3C3A5475-7C7A-44F8-955E-EC52BE6CCFBA}.Debug|x64.ActiveCfg = Debug|Any CPU
		{3C3A5475-7C7A-44F8-955E-EC52BE6CCFBA}.Debug|x64.Build.0 = Debug|Any CPU
		{3C3A5475-7C7A-44F8-955E-EC52BE6CCFBA}.Debug|x86.ActiveCfg = Debug|Any CPU
		{3C3A5475-7C7A-44F8-955E-EC52BE6CCFBA}.Debug|x86.Build.0 = Debug|Any CPU
		{3C3A5475-7C7A-44F8-955E-EC52BE6CCFBA}.Release|Any CPU.ActiveCfg = Release|Any CPU
		{3C3A5475-7C7A-44F8-955E-EC52BE6CCFBA}.Release|Any CPU.Build.0 = Release|Any CPU
		{3C3A5475-7C7A-44F8-955E-EC52BE6CCFBA}.Release|x64.ActiveCfg = Release|Any CPU
		{3C3A5475-7C7A-44F8-955E-EC52BE6CCFBA}.Release|x64.Build.0 = Release|Any CPU
		{3C3A5475-7C7A-44F8-955E-EC52BE6CCFBA}.Release|x86.ActiveCfg = Release|Any CPU
		{3C3A5475-7C7A-44F8-955E-EC52BE6CCFBA}.Release|x86.Build.0 = Release|Any CPU
		{2850F308-A3D3-4FAF-88B7-F2F101661153}.Debug|Any CPU.ActiveCfg = Debug|Any CPU
		{2850F308-A3D3-4FAF-88B7-F2F101661153}.Debug|Any CPU.Build.0 = Debug|Any CPU
		{2850F308-A3D3-4FAF-88B7-F2F101661153}.Debug|x64.ActiveCfg = Debug|Any CPU
		{2850F308-A3D3-4FAF-88B7-F2F101661153}.Debug|x64.Build.0 = Debug|Any CPU
		{2850F308-A3D3-4FAF-88B7-F2F101661153}.Debug|x86.ActiveCfg = Debug|Any CPU
		{2850F308-A3D3-4FAF-88B7-F2F101661153}.Debug|x86.Build.0 = Debug|Any CPU
		{2850F308-A3D3-4FAF-88B7-F2F101661153}.Release|Any CPU.ActiveCfg = Release|Any CPU
		{2850F308-A3D3-4FAF-88B7-F2F101661153}.Release|Any CPU.Build.0 = Release|Any CPU
		{2850F308-A3D3-4FAF-88B7-F2F101661153}.Release|x64.ActiveCfg = Release|Any CPU
		{2850F308-A3D3-4FAF-88B7-F2F101661153}.Release|x64.Build.0 = Release|Any CPU
		{2850F308-A3D3-4FAF-88B7-F2F101661153}.Release|x86.ActiveCfg = Release|Any CPU
		{2850F308-A3D3-4FAF-88B7-F2F101661153}.Release|x86.Build.0 = Release|Any CPU
		{4A9833BF-D654-468E-9FE1-6E91179001F4}.Debug|Any CPU.ActiveCfg = Debug|Any CPU
		{4A9833BF-D654-468E-9FE1-6E91179001F4}.Debug|Any CPU.Build.0 = Debug|Any CPU
		{4A9833BF-D654-468E-9FE1-6E91179001F4}.Debug|x64.ActiveCfg = Debug|Any CPU
		{4A9833BF-D654-468E-9FE1-6E91179001F4}.Debug|x64.Build.0 = Debug|Any CPU
		{4A9833BF-D654-468E-9FE1-6E91179001F4}.Debug|x86.ActiveCfg = Debug|Any CPU
		{4A9833BF-D654-468E-9FE1-6E91179001F4}.Debug|x86.Build.0 = Debug|Any CPU
		{4A9833BF-D654-468E-9FE1-6E91179001F4}.Release|Any CPU.ActiveCfg = Release|Any CPU
		{4A9833BF-D654-468E-9FE1-6E91179001F4}.Release|Any CPU.Build.0 = Release|Any CPU
		{4A9833BF-D654-468E-9FE1-6E91179001F4}.Release|x64.ActiveCfg = Release|Any CPU
		{4A9833BF-D654-468E-9FE1-6E91179001F4}.Release|x64.Build.0 = Release|Any CPU
		{4A9833BF-D654-468E-9FE1-6E91179001F4}.Release|x86.ActiveCfg = Release|Any CPU
		{4A9833BF-D654-468E-9FE1-6E91179001F4}.Release|x86.Build.0 = Release|Any CPU
		{C68FDAC1-C3C4-49B9-A39E-6FB6E6F594A4}.Debug|Any CPU.ActiveCfg = Debug|Any CPU
		{C68FDAC1-C3C4-49B9-A39E-6FB6E6F594A4}.Debug|Any CPU.Build.0 = Debug|Any CPU
		{C68FDAC1-C3C4-49B9-A39E-6FB6E6F594A4}.Debug|x64.ActiveCfg = Debug|Any CPU
		{C68FDAC1-C3C4-49B9-A39E-6FB6E6F594A4}.Debug|x64.Build.0 = Debug|Any CPU
		{C68FDAC1-C3C4-49B9-A39E-6FB6E6F594A4}.Debug|x86.ActiveCfg = Debug|Any CPU
		{C68FDAC1-C3C4-49B9-A39E-6FB6E6F594A4}.Debug|x86.Build.0 = Debug|Any CPU
		{C68FDAC1-C3C4-49B9-A39E-6FB6E6F594A4}.Release|Any CPU.ActiveCfg = Release|Any CPU
		{C68FDAC1-C3C4-49B9-A39E-6FB6E6F594A4}.Release|Any CPU.Build.0 = Release|Any CPU
		{C68FDAC1-C3C4-49B9-A39E-6FB6E6F594A4}.Release|x64.ActiveCfg = Release|Any CPU
		{C68FDAC1-C3C4-49B9-A39E-6FB6E6F594A4}.Release|x64.Build.0 = Release|Any CPU
		{C68FDAC1-C3C4-49B9-A39E-6FB6E6F594A4}.Release|x86.ActiveCfg = Release|Any CPU
		{C68FDAC1-C3C4-49B9-A39E-6FB6E6F594A4}.Release|x86.Build.0 = Release|Any CPU
		{230E9355-188F-4DBC-B914-A041C0D556A5}.Debug|Any CPU.ActiveCfg = Debug|Any CPU
		{230E9355-188F-4DBC-B914-A041C0D556A5}.Debug|Any CPU.Build.0 = Debug|Any CPU
		{230E9355-188F-4DBC-B914-A041C0D556A5}.Debug|x64.ActiveCfg = Debug|Any CPU
		{230E9355-188F-4DBC-B914-A041C0D556A5}.Debug|x64.Build.0 = Debug|Any CPU
		{230E9355-188F-4DBC-B914-A041C0D556A5}.Debug|x86.ActiveCfg = Debug|Any CPU
		{230E9355-188F-4DBC-B914-A041C0D556A5}.Debug|x86.Build.0 = Debug|Any CPU
		{230E9355-188F-4DBC-B914-A041C0D556A5}.Release|Any CPU.ActiveCfg = Release|Any CPU
		{230E9355-188F-4DBC-B914-A041C0D556A5}.Release|Any CPU.Build.0 = Release|Any CPU
		{230E9355-188F-4DBC-B914-A041C0D556A5}.Release|x64.ActiveCfg = Release|Any CPU
		{230E9355-188F-4DBC-B914-A041C0D556A5}.Release|x64.Build.0 = Release|Any CPU
		{230E9355-188F-4DBC-B914-A041C0D556A5}.Release|x86.ActiveCfg = Release|Any CPU
		{230E9355-188F-4DBC-B914-A041C0D556A5}.Release|x86.Build.0 = Release|Any CPU
		{A122520A-0A73-4E46-B263-ABD42728BCC7}.Debug|Any CPU.ActiveCfg = Debug|Any CPU
		{A122520A-0A73-4E46-B263-ABD42728BCC7}.Debug|Any CPU.Build.0 = Debug|Any CPU
		{A122520A-0A73-4E46-B263-ABD42728BCC7}.Debug|x64.ActiveCfg = Debug|Any CPU
		{A122520A-0A73-4E46-B263-ABD42728BCC7}.Debug|x64.Build.0 = Debug|Any CPU
		{A122520A-0A73-4E46-B263-ABD42728BCC7}.Debug|x86.ActiveCfg = Debug|Any CPU
		{A122520A-0A73-4E46-B263-ABD42728BCC7}.Debug|x86.Build.0 = Debug|Any CPU
		{A122520A-0A73-4E46-B263-ABD42728BCC7}.Release|Any CPU.ActiveCfg = Release|Any CPU
		{A122520A-0A73-4E46-B263-ABD42728BCC7}.Release|Any CPU.Build.0 = Release|Any CPU
		{A122520A-0A73-4E46-B263-ABD42728BCC7}.Release|x64.ActiveCfg = Release|Any CPU
		{A122520A-0A73-4E46-B263-ABD42728BCC7}.Release|x64.Build.0 = Release|Any CPU
		{A122520A-0A73-4E46-B263-ABD42728BCC7}.Release|x86.ActiveCfg = Release|Any CPU
		{A122520A-0A73-4E46-B263-ABD42728BCC7}.Release|x86.Build.0 = Release|Any CPU
		{ECCBB405-5F10-4B27-ACA0-282054079F30}.Debug|Any CPU.ActiveCfg = Debug|Any CPU
		{ECCBB405-5F10-4B27-ACA0-282054079F30}.Debug|Any CPU.Build.0 = Debug|Any CPU
		{ECCBB405-5F10-4B27-ACA0-282054079F30}.Debug|x64.ActiveCfg = Debug|Any CPU
		{ECCBB405-5F10-4B27-ACA0-282054079F30}.Debug|x64.Build.0 = Debug|Any CPU
		{ECCBB405-5F10-4B27-ACA0-282054079F30}.Debug|x86.ActiveCfg = Debug|Any CPU
		{ECCBB405-5F10-4B27-ACA0-282054079F30}.Debug|x86.Build.0 = Debug|Any CPU
		{ECCBB405-5F10-4B27-ACA0-282054079F30}.Release|Any CPU.ActiveCfg = Release|Any CPU
		{ECCBB405-5F10-4B27-ACA0-282054079F30}.Release|Any CPU.Build.0 = Release|Any CPU
		{ECCBB405-5F10-4B27-ACA0-282054079F30}.Release|x64.ActiveCfg = Release|Any CPU
		{ECCBB405-5F10-4B27-ACA0-282054079F30}.Release|x64.Build.0 = Release|Any CPU
		{ECCBB405-5F10-4B27-ACA0-282054079F30}.Release|x86.ActiveCfg = Release|Any CPU
		{ECCBB405-5F10-4B27-ACA0-282054079F30}.Release|x86.Build.0 = Release|Any CPU
		{DDD9EEC8-0FC5-4824-A555-A53A00111089}.Debug|Any CPU.ActiveCfg = Debug|Any CPU
		{DDD9EEC8-0FC5-4824-A555-A53A00111089}.Debug|Any CPU.Build.0 = Debug|Any CPU
		{DDD9EEC8-0FC5-4824-A555-A53A00111089}.Debug|x64.ActiveCfg = Debug|Any CPU
		{DDD9EEC8-0FC5-4824-A555-A53A00111089}.Debug|x64.Build.0 = Debug|Any CPU
		{DDD9EEC8-0FC5-4824-A555-A53A00111089}.Debug|x86.ActiveCfg = Debug|Any CPU
		{DDD9EEC8-0FC5-4824-A555-A53A00111089}.Debug|x86.Build.0 = Debug|Any CPU
		{DDD9EEC8-0FC5-4824-A555-A53A00111089}.Release|Any CPU.ActiveCfg = Release|Any CPU
		{DDD9EEC8-0FC5-4824-A555-A53A00111089}.Release|Any CPU.Build.0 = Release|Any CPU
		{DDD9EEC8-0FC5-4824-A555-A53A00111089}.Release|x64.ActiveCfg = Release|Any CPU
		{DDD9EEC8-0FC5-4824-A555-A53A00111089}.Release|x64.Build.0 = Release|Any CPU
		{DDD9EEC8-0FC5-4824-A555-A53A00111089}.Release|x86.ActiveCfg = Release|Any CPU
		{DDD9EEC8-0FC5-4824-A555-A53A00111089}.Release|x86.Build.0 = Release|Any CPU
	EndGlobalSection
	GlobalSection(SolutionProperties) = preSolution
		HideSolutionNode = FALSE
	EndGlobalSection
	GlobalSection(NestedProjects) = preSolution
		{D2755751-3065-4CCE-BDF3-DB5C5AD53022} = {06659068-D20B-480F-B1E6-A80EF8E63052}
		{06005F6C-1347-4177-B6EE-284637BDFDB7} = {06659068-D20B-480F-B1E6-A80EF8E63052}
		{E9B8EEF4-72DF-4BF6-984D-B055C55FE0BB} = {06659068-D20B-480F-B1E6-A80EF8E63052}
		{8A1748E7-144D-4E6D-BE3F-05B2B2C2F1BF} = {06659068-D20B-480F-B1E6-A80EF8E63052}
		{38029887-2EBA-4D0D-BA38-630648346425} = {06659068-D20B-480F-B1E6-A80EF8E63052}
		{22E7E414-0F08-44CA-A94E-C08D05F0AE54} = {06659068-D20B-480F-B1E6-A80EF8E63052}
		{CD3D7280-88AF-4F78-86F8-8AE40DDCD9C2} = {06659068-D20B-480F-B1E6-A80EF8E63052}
		{038243F6-5C04-4F2A-8A93-64B5D6B49D9A} = {06659068-D20B-480F-B1E6-A80EF8E63052}
		{6B29DBCC-12A9-4540-85A9-5AA9DE3E93D3} = {25B60D92-580D-4F27-A1F8-1875B1C2BB72}
	EndGlobalSection
	GlobalSection(ExtensibilityGlobals) = postSolution
		SolutionGuid = {77AFFA73-2852-4E5F-9745-04AFF4A74A7D}
	EndGlobalSection
EndGlobal
