
Microsoft Visual Studio Solution File, Format Version 12.00
# Visual Studio Version 17
VisualStudioVersion = 17.2.32616.157
MinimumVisualStudioVersion = 10.0.40219.1
Project("{2150E333-8FDC-42A3-9474-1A3956D46DE8}") = "Benchmarks", "Benchmarks", "{0190F4E6-FE0E-4A0E-8BCC-923B2A846488}"
EndProject
Project("{9A19103F-16F7-4668-BE54-9A1E7A4F7556}") = "Vernuntii.Console.GlobalTool.Benchmark", "perf\Vernuntii.Console.GlobalTool.Benchmark\Vernuntii.Console.GlobalTool.Benchmark.csproj", "{97325E9A-6CD5-445F-86A4-4E004AD68BB5}"
EndProject
Project("{9A19103F-16F7-4668-BE54-9A1E7A4F7556}") = "Vernuntii.Abstractions", "src\Vernuntii.Abstractions\Vernuntii.Abstractions.csproj", "{1EE220B9-A956-4A14-A5FD-604A8FBA5E91}"
EndProject
Project("{9A19103F-16F7-4668-BE54-9A1E7A4F7556}") = "Vernuntii.Calculation", "src\Vernuntii.Calculation\Vernuntii.Calculation.csproj", "{0F5C72BB-E779-4025-A8A4-5E339590F6A0}"
EndProject
Project("{9A19103F-16F7-4668-BE54-9A1E7A4F7556}") = "Vernuntii.Configuration", "src\Vernuntii.Configuration\Vernuntii.Configuration.csproj", "{E15E4EB6-C18C-47CC-9ABB-986CFADD7979}"
EndProject
Project("{9A19103F-16F7-4668-BE54-9A1E7A4F7556}") = "Vernuntii.Console.any", "src\Vernuntii.Console.any\Vernuntii.Console.any.csproj", "{3D2445B9-3373-41CD-968A-AFE8980647B9}"
EndProject
Project("{9A19103F-16F7-4668-BE54-9A1E7A4F7556}") = "Vernuntii.Console.GlobalTool.any", "src\Vernuntii.Console.GlobalTool.any\Vernuntii.Console.GlobalTool.any.csproj", "{AE642EF8-E2B2-4CAC-9CE9-341186A47C41}"
EndProject
Project("{9A19103F-16F7-4668-BE54-9A1E7A4F7556}") = "Vernuntii.Console.GlobalTool.linux-x64", "src\Vernuntii.Console.GlobalTool.linux-x64\Vernuntii.Console.GlobalTool.linux-x64.csproj", "{6A1B7219-1A25-4130-82C9-4A6E9BEA85C3}"
EndProject
Project("{9A19103F-16F7-4668-BE54-9A1E7A4F7556}") = "Vernuntii.Console.GlobalTool.osx-x64", "src\Vernuntii.Console.GlobalTool.osx-x64\Vernuntii.Console.GlobalTool.osx-x64.csproj", "{2ED6E45D-62E5-4519-80AA-D319B3FFD5D0}"
EndProject
Project("{9A19103F-16F7-4668-BE54-9A1E7A4F7556}") = "Vernuntii.Console.GlobalTool.win-x64", "src\Vernuntii.Console.GlobalTool.win-x64\Vernuntii.Console.GlobalTool.win-x64.csproj", "{3DC918DA-7A2C-456C-A185-ACD4B49F54C5}"
EndProject
Project("{9A19103F-16F7-4668-BE54-9A1E7A4F7556}") = "Vernuntii.Console.linux-x64", "src\Vernuntii.Console.linux-x64\Vernuntii.Console.linux-x64.csproj", "{9A5DED0D-A3EB-4487-83B4-FB0FF1D8C7FD}"
EndProject
Project("{9A19103F-16F7-4668-BE54-9A1E7A4F7556}") = "Vernuntii.Console.MSBuild", "src\Vernuntii.Console.MSBuild\Vernuntii.Console.MSBuild.csproj", "{36A97874-0E3D-42E0-8EA0-8160614C5BE6}"
EndProject
Project("{9A19103F-16F7-4668-BE54-9A1E7A4F7556}") = "Vernuntii.Console.MSBuild.Orphan", "src\Vernuntii.Console.MSBuild.Orphan\Vernuntii.Console.MSBuild.Orphan.csproj", "{4777EE59-D974-47DC-8958-8298578DFCC1}"
EndProject
Project("{9A19103F-16F7-4668-BE54-9A1E7A4F7556}") = "Vernuntii.Console.osx-x64", "src\Vernuntii.Console.osx-x64\Vernuntii.Console.osx-x64.csproj", "{F5B4B1F5-907E-40D7-B0EB-5B62A26D4503}"
EndProject
Project("{9A19103F-16F7-4668-BE54-9A1E7A4F7556}") = "Vernuntii.Console.win-x64", "src\Vernuntii.Console.win-x64\Vernuntii.Console.win-x64.csproj", "{211A59CA-62EE-4F69-AA23-D86C261EA4D7}"
EndProject
Project("{9A19103F-16F7-4668-BE54-9A1E7A4F7556}") = "Vernuntii.Git", "src\Vernuntii.Git\Vernuntii.Git.csproj", "{2862B85B-2865-4537-86D5-98A7371F1F86}"
EndProject
Project("{9A19103F-16F7-4668-BE54-9A1E7A4F7556}") = "Vernuntii.SemVer", "src\Vernuntii.SemVer\Vernuntii.SemVer.csproj", "{9407EDE3-CD9C-4537-BC97-B0B64E07C2EE}"
EndProject
Project("{9A19103F-16F7-4668-BE54-9A1E7A4F7556}") = "Vernuntii.SemVer.Abstractions", "src\Vernuntii.SemVer.Abstractions\Vernuntii.SemVer.Abstractions.csproj", "{964B385B-5DF6-4910-927D-118BE7B505F0}"
EndProject
Project("{9A19103F-16F7-4668-BE54-9A1E7A4F7556}") = "Vernuntii.SemVer.Parser", "src\Vernuntii.SemVer.Parser\Vernuntii.SemVer.Parser.csproj", "{389B9820-1B3B-417E-8A2D-13DE9632E747}"
EndProject
Project("{2150E333-8FDC-42A3-9474-1A3956D46DE8}") = "Tests", "Tests", "{993E4087-E0EC-4713-9576-DD3ECA7062EA}"
EndProject
Project("{9A19103F-16F7-4668-BE54-9A1E7A4F7556}") = "Vernuntii.SemVer.Parser.Test", "test\Vernuntii.SemVer.Parser.Test\Vernuntii.SemVer.Parser.Test.csproj", "{9BBE2071-60FE-47B1-8969-9B468BF28DF8}"
EndProject
Project("{9A19103F-16F7-4668-BE54-9A1E7A4F7556}") = "Vernuntii.SemVer.Test", "test\Vernuntii.SemVer.Test\Vernuntii.SemVer.Test.csproj", "{9D19B1EB-41BB-4C04-8469-5C2CB73B646D}"
EndProject
Project("{9A19103F-16F7-4668-BE54-9A1E7A4F7556}") = "Vernuntii.TestInfrastructure", "test\Vernuntii.TestInfrastructure\Vernuntii.TestInfrastructure.csproj", "{4CF5435D-DD1E-4416-B601-7AAE3B91D165}"
EndProject
Project("{9A19103F-16F7-4668-BE54-9A1E7A4F7556}") = "Vernuntii.TestTrunkBasedDevelopment", "test\Vernuntii.TestTrunkBasedDevelopment\Vernuntii.TestTrunkBasedDevelopment.csproj", "{CB381944-92E0-4336-A723-5498D8F1EE0D}"
EndProject
Project("{2150E333-8FDC-42A3-9474-1A3956D46DE8}") = "Solution Items", "Solution Items", "{865700FC-6FE5-4445-B584-C2AA3900D0E4}"
	ProjectSection(SolutionItems) = preProject
		Directory.Build.props = Directory.Build.props
		Directory.Build.targets = Directory.Build.targets
		test\Packages.props = test\Packages.props
		vernuntii.yml = vernuntii.yml
	EndProjectSection
EndProject
Project("{9A19103F-16F7-4668-BE54-9A1E7A4F7556}") = "Vernuntii.Console.MSBuild.Test", "test\Vernuntii.Console.MSBuild.Test\Vernuntii.Console.MSBuild.Test.csproj", "{6A3F0B4C-301D-4CD1-8C2D-AF3C0EA3163F}"
EndProject
Project("{9A19103F-16F7-4668-BE54-9A1E7A4F7556}") = "Vernuntii.Test", "test\Vernuntii.Test\Vernuntii.Test.csproj", "{4FB9D629-75BC-4B61-BECF-66284DEC61A7}"
EndProject
Project("{2150E333-8FDC-42A3-9474-1A3956D46DE8}") = "test", "test", "{768353E5-594A-46D1-9DCE-3244EACDB8F1}"
	ProjectSection(SolutionItems) = preProject
		test\Directory.Build.props = test\Directory.Build.props
		test\Directory.Build.targets = test\Directory.Build.targets
	EndProjectSection
EndProject
Project("{2150E333-8FDC-42A3-9474-1A3956D46DE8}") = "src", "src", "{14CCA400-AA6F-4757-AD52-08A2D7BB6E9E}"
	ProjectSection(SolutionItems) = preProject
		src\Directory.Build.props = src\Directory.Build.props
		src\Directory.Build.targets = src\Directory.Build.targets
	EndProjectSection
EndProject
Project("{9A19103F-16F7-4668-BE54-9A1E7A4F7556}") = "Vernuntii.Runner", "src\Vernuntii.Runner\Vernuntii.Runner.csproj", "{AD34E26A-88D9-4F52-BA17-5CDBA0A91AE4}"
EndProject
Project("{9A19103F-16F7-4668-BE54-9A1E7A4F7556}") = "Vernuntii.Console.MSBuild.Core", "src\Vernuntii.Console.MSBuild.Core\Vernuntii.Console.MSBuild.Core.csproj", "{48E9EE6C-40B2-4988-8E23-013FAD4ED20F}"
EndProject
Global
	GlobalSection(SolutionConfigurationPlatforms) = preSolution
		Debug|Any CPU = Debug|Any CPU
		Release|Any CPU = Release|Any CPU
	EndGlobalSection
	GlobalSection(ProjectConfigurationPlatforms) = postSolution
		{97325E9A-6CD5-445F-86A4-4E004AD68BB5}.Debug|Any CPU.ActiveCfg = Debug|Any CPU
		{97325E9A-6CD5-445F-86A4-4E004AD68BB5}.Debug|Any CPU.Build.0 = Debug|Any CPU
		{97325E9A-6CD5-445F-86A4-4E004AD68BB5}.Release|Any CPU.ActiveCfg = Release|Any CPU
		{97325E9A-6CD5-445F-86A4-4E004AD68BB5}.Release|Any CPU.Build.0 = Release|Any CPU
		{1EE220B9-A956-4A14-A5FD-604A8FBA5E91}.Debug|Any CPU.ActiveCfg = Debug|Any CPU
		{1EE220B9-A956-4A14-A5FD-604A8FBA5E91}.Debug|Any CPU.Build.0 = Debug|Any CPU
		{1EE220B9-A956-4A14-A5FD-604A8FBA5E91}.Release|Any CPU.ActiveCfg = Release|Any CPU
		{1EE220B9-A956-4A14-A5FD-604A8FBA5E91}.Release|Any CPU.Build.0 = Release|Any CPU
		{0F5C72BB-E779-4025-A8A4-5E339590F6A0}.Debug|Any CPU.ActiveCfg = Debug|Any CPU
		{0F5C72BB-E779-4025-A8A4-5E339590F6A0}.Debug|Any CPU.Build.0 = Debug|Any CPU
		{0F5C72BB-E779-4025-A8A4-5E339590F6A0}.Release|Any CPU.ActiveCfg = Release|Any CPU
		{0F5C72BB-E779-4025-A8A4-5E339590F6A0}.Release|Any CPU.Build.0 = Release|Any CPU
		{E15E4EB6-C18C-47CC-9ABB-986CFADD7979}.Debug|Any CPU.ActiveCfg = Debug|Any CPU
		{E15E4EB6-C18C-47CC-9ABB-986CFADD7979}.Debug|Any CPU.Build.0 = Debug|Any CPU
		{E15E4EB6-C18C-47CC-9ABB-986CFADD7979}.Release|Any CPU.ActiveCfg = Release|Any CPU
		{E15E4EB6-C18C-47CC-9ABB-986CFADD7979}.Release|Any CPU.Build.0 = Release|Any CPU
		{3D2445B9-3373-41CD-968A-AFE8980647B9}.Debug|Any CPU.ActiveCfg = Debug|Any CPU
		{3D2445B9-3373-41CD-968A-AFE8980647B9}.Debug|Any CPU.Build.0 = Debug|Any CPU
		{3D2445B9-3373-41CD-968A-AFE8980647B9}.Release|Any CPU.ActiveCfg = Release|Any CPU
		{3D2445B9-3373-41CD-968A-AFE8980647B9}.Release|Any CPU.Build.0 = Release|Any CPU
		{AE642EF8-E2B2-4CAC-9CE9-341186A47C41}.Debug|Any CPU.ActiveCfg = Debug|Any CPU
		{AE642EF8-E2B2-4CAC-9CE9-341186A47C41}.Debug|Any CPU.Build.0 = Debug|Any CPU
		{AE642EF8-E2B2-4CAC-9CE9-341186A47C41}.Release|Any CPU.ActiveCfg = Release|Any CPU
		{AE642EF8-E2B2-4CAC-9CE9-341186A47C41}.Release|Any CPU.Build.0 = Release|Any CPU
		{6A1B7219-1A25-4130-82C9-4A6E9BEA85C3}.Debug|Any CPU.ActiveCfg = Debug|Any CPU
		{6A1B7219-1A25-4130-82C9-4A6E9BEA85C3}.Debug|Any CPU.Build.0 = Debug|Any CPU
		{6A1B7219-1A25-4130-82C9-4A6E9BEA85C3}.Release|Any CPU.ActiveCfg = Release|Any CPU
		{6A1B7219-1A25-4130-82C9-4A6E9BEA85C3}.Release|Any CPU.Build.0 = Release|Any CPU
		{2ED6E45D-62E5-4519-80AA-D319B3FFD5D0}.Debug|Any CPU.ActiveCfg = Debug|Any CPU
		{2ED6E45D-62E5-4519-80AA-D319B3FFD5D0}.Debug|Any CPU.Build.0 = Debug|Any CPU
		{2ED6E45D-62E5-4519-80AA-D319B3FFD5D0}.Release|Any CPU.ActiveCfg = Release|Any CPU
		{2ED6E45D-62E5-4519-80AA-D319B3FFD5D0}.Release|Any CPU.Build.0 = Release|Any CPU
		{3DC918DA-7A2C-456C-A185-ACD4B49F54C5}.Debug|Any CPU.ActiveCfg = Debug|Any CPU
		{3DC918DA-7A2C-456C-A185-ACD4B49F54C5}.Debug|Any CPU.Build.0 = Debug|Any CPU
		{3DC918DA-7A2C-456C-A185-ACD4B49F54C5}.Release|Any CPU.ActiveCfg = Release|Any CPU
		{3DC918DA-7A2C-456C-A185-ACD4B49F54C5}.Release|Any CPU.Build.0 = Release|Any CPU
		{9A5DED0D-A3EB-4487-83B4-FB0FF1D8C7FD}.Debug|Any CPU.ActiveCfg = Debug|Any CPU
		{9A5DED0D-A3EB-4487-83B4-FB0FF1D8C7FD}.Debug|Any CPU.Build.0 = Debug|Any CPU
		{9A5DED0D-A3EB-4487-83B4-FB0FF1D8C7FD}.Release|Any CPU.ActiveCfg = Release|Any CPU
		{9A5DED0D-A3EB-4487-83B4-FB0FF1D8C7FD}.Release|Any CPU.Build.0 = Release|Any CPU
		{36A97874-0E3D-42E0-8EA0-8160614C5BE6}.Debug|Any CPU.ActiveCfg = Debug|Any CPU
		{36A97874-0E3D-42E0-8EA0-8160614C5BE6}.Debug|Any CPU.Build.0 = Debug|Any CPU
		{36A97874-0E3D-42E0-8EA0-8160614C5BE6}.Release|Any CPU.ActiveCfg = Release|Any CPU
		{36A97874-0E3D-42E0-8EA0-8160614C5BE6}.Release|Any CPU.Build.0 = Release|Any CPU
		{4777EE59-D974-47DC-8958-8298578DFCC1}.Debug|Any CPU.ActiveCfg = Debug|Any CPU
		{4777EE59-D974-47DC-8958-8298578DFCC1}.Debug|Any CPU.Build.0 = Debug|Any CPU
		{4777EE59-D974-47DC-8958-8298578DFCC1}.Release|Any CPU.ActiveCfg = Release|Any CPU
		{4777EE59-D974-47DC-8958-8298578DFCC1}.Release|Any CPU.Build.0 = Release|Any CPU
		{F5B4B1F5-907E-40D7-B0EB-5B62A26D4503}.Debug|Any CPU.ActiveCfg = Debug|Any CPU
		{F5B4B1F5-907E-40D7-B0EB-5B62A26D4503}.Debug|Any CPU.Build.0 = Debug|Any CPU
		{F5B4B1F5-907E-40D7-B0EB-5B62A26D4503}.Release|Any CPU.ActiveCfg = Release|Any CPU
		{F5B4B1F5-907E-40D7-B0EB-5B62A26D4503}.Release|Any CPU.Build.0 = Release|Any CPU
		{211A59CA-62EE-4F69-AA23-D86C261EA4D7}.Debug|Any CPU.ActiveCfg = Debug|Any CPU
		{211A59CA-62EE-4F69-AA23-D86C261EA4D7}.Debug|Any CPU.Build.0 = Debug|Any CPU
		{211A59CA-62EE-4F69-AA23-D86C261EA4D7}.Release|Any CPU.ActiveCfg = Release|Any CPU
		{211A59CA-62EE-4F69-AA23-D86C261EA4D7}.Release|Any CPU.Build.0 = Release|Any CPU
		{2862B85B-2865-4537-86D5-98A7371F1F86}.Debug|Any CPU.ActiveCfg = Debug|Any CPU
		{2862B85B-2865-4537-86D5-98A7371F1F86}.Debug|Any CPU.Build.0 = Debug|Any CPU
		{2862B85B-2865-4537-86D5-98A7371F1F86}.Release|Any CPU.ActiveCfg = Release|Any CPU
		{2862B85B-2865-4537-86D5-98A7371F1F86}.Release|Any CPU.Build.0 = Release|Any CPU
		{9407EDE3-CD9C-4537-BC97-B0B64E07C2EE}.Debug|Any CPU.ActiveCfg = Debug|Any CPU
		{9407EDE3-CD9C-4537-BC97-B0B64E07C2EE}.Debug|Any CPU.Build.0 = Debug|Any CPU
		{9407EDE3-CD9C-4537-BC97-B0B64E07C2EE}.Release|Any CPU.ActiveCfg = Release|Any CPU
		{9407EDE3-CD9C-4537-BC97-B0B64E07C2EE}.Release|Any CPU.Build.0 = Release|Any CPU
		{964B385B-5DF6-4910-927D-118BE7B505F0}.Debug|Any CPU.ActiveCfg = Debug|Any CPU
		{964B385B-5DF6-4910-927D-118BE7B505F0}.Debug|Any CPU.Build.0 = Debug|Any CPU
		{964B385B-5DF6-4910-927D-118BE7B505F0}.Release|Any CPU.ActiveCfg = Release|Any CPU
		{964B385B-5DF6-4910-927D-118BE7B505F0}.Release|Any CPU.Build.0 = Release|Any CPU
		{389B9820-1B3B-417E-8A2D-13DE9632E747}.Debug|Any CPU.ActiveCfg = Debug|Any CPU
		{389B9820-1B3B-417E-8A2D-13DE9632E747}.Debug|Any CPU.Build.0 = Debug|Any CPU
		{389B9820-1B3B-417E-8A2D-13DE9632E747}.Release|Any CPU.ActiveCfg = Release|Any CPU
		{389B9820-1B3B-417E-8A2D-13DE9632E747}.Release|Any CPU.Build.0 = Release|Any CPU
		{9BBE2071-60FE-47B1-8969-9B468BF28DF8}.Debug|Any CPU.ActiveCfg = Debug|Any CPU
		{9BBE2071-60FE-47B1-8969-9B468BF28DF8}.Debug|Any CPU.Build.0 = Debug|Any CPU
		{9BBE2071-60FE-47B1-8969-9B468BF28DF8}.Release|Any CPU.ActiveCfg = Release|Any CPU
		{9BBE2071-60FE-47B1-8969-9B468BF28DF8}.Release|Any CPU.Build.0 = Release|Any CPU
		{9D19B1EB-41BB-4C04-8469-5C2CB73B646D}.Debug|Any CPU.ActiveCfg = Debug|Any CPU
		{9D19B1EB-41BB-4C04-8469-5C2CB73B646D}.Debug|Any CPU.Build.0 = Debug|Any CPU
		{9D19B1EB-41BB-4C04-8469-5C2CB73B646D}.Release|Any CPU.ActiveCfg = Release|Any CPU
		{9D19B1EB-41BB-4C04-8469-5C2CB73B646D}.Release|Any CPU.Build.0 = Release|Any CPU
		{4CF5435D-DD1E-4416-B601-7AAE3B91D165}.Debug|Any CPU.ActiveCfg = Debug|Any CPU
		{4CF5435D-DD1E-4416-B601-7AAE3B91D165}.Debug|Any CPU.Build.0 = Debug|Any CPU
		{4CF5435D-DD1E-4416-B601-7AAE3B91D165}.Release|Any CPU.ActiveCfg = Release|Any CPU
		{4CF5435D-DD1E-4416-B601-7AAE3B91D165}.Release|Any CPU.Build.0 = Release|Any CPU
		{CB381944-92E0-4336-A723-5498D8F1EE0D}.Debug|Any CPU.ActiveCfg = Debug|Any CPU
		{CB381944-92E0-4336-A723-5498D8F1EE0D}.Debug|Any CPU.Build.0 = Debug|Any CPU
		{CB381944-92E0-4336-A723-5498D8F1EE0D}.Release|Any CPU.ActiveCfg = Release|Any CPU
		{CB381944-92E0-4336-A723-5498D8F1EE0D}.Release|Any CPU.Build.0 = Release|Any CPU
		{6A3F0B4C-301D-4CD1-8C2D-AF3C0EA3163F}.Debug|Any CPU.ActiveCfg = Debug|Any CPU
		{6A3F0B4C-301D-4CD1-8C2D-AF3C0EA3163F}.Debug|Any CPU.Build.0 = Debug|Any CPU
		{6A3F0B4C-301D-4CD1-8C2D-AF3C0EA3163F}.Release|Any CPU.ActiveCfg = Release|Any CPU
		{6A3F0B4C-301D-4CD1-8C2D-AF3C0EA3163F}.Release|Any CPU.Build.0 = Release|Any CPU
		{4FB9D629-75BC-4B61-BECF-66284DEC61A7}.Debug|Any CPU.ActiveCfg = Debug|Any CPU
		{4FB9D629-75BC-4B61-BECF-66284DEC61A7}.Debug|Any CPU.Build.0 = Debug|Any CPU
		{4FB9D629-75BC-4B61-BECF-66284DEC61A7}.Release|Any CPU.ActiveCfg = Release|Any CPU
		{4FB9D629-75BC-4B61-BECF-66284DEC61A7}.Release|Any CPU.Build.0 = Release|Any CPU
		{AD34E26A-88D9-4F52-BA17-5CDBA0A91AE4}.Debug|Any CPU.ActiveCfg = Debug|Any CPU
		{AD34E26A-88D9-4F52-BA17-5CDBA0A91AE4}.Debug|Any CPU.Build.0 = Debug|Any CPU
		{AD34E26A-88D9-4F52-BA17-5CDBA0A91AE4}.Release|Any CPU.ActiveCfg = Release|Any CPU
		{AD34E26A-88D9-4F52-BA17-5CDBA0A91AE4}.Release|Any CPU.Build.0 = Release|Any CPU
		{48E9EE6C-40B2-4988-8E23-013FAD4ED20F}.Debug|Any CPU.ActiveCfg = Debug|Any CPU
		{48E9EE6C-40B2-4988-8E23-013FAD4ED20F}.Debug|Any CPU.Build.0 = Debug|Any CPU
		{48E9EE6C-40B2-4988-8E23-013FAD4ED20F}.Release|Any CPU.ActiveCfg = Release|Any CPU
		{48E9EE6C-40B2-4988-8E23-013FAD4ED20F}.Release|Any CPU.Build.0 = Release|Any CPU
	EndGlobalSection
	GlobalSection(SolutionProperties) = preSolution
		HideSolutionNode = FALSE
	EndGlobalSection
	GlobalSection(NestedProjects) = preSolution
		{97325E9A-6CD5-445F-86A4-4E004AD68BB5} = {0190F4E6-FE0E-4A0E-8BCC-923B2A846488}
		{9BBE2071-60FE-47B1-8969-9B468BF28DF8} = {993E4087-E0EC-4713-9576-DD3ECA7062EA}
		{9D19B1EB-41BB-4C04-8469-5C2CB73B646D} = {993E4087-E0EC-4713-9576-DD3ECA7062EA}
		{4CF5435D-DD1E-4416-B601-7AAE3B91D165} = {993E4087-E0EC-4713-9576-DD3ECA7062EA}
		{CB381944-92E0-4336-A723-5498D8F1EE0D} = {993E4087-E0EC-4713-9576-DD3ECA7062EA}
		{6A3F0B4C-301D-4CD1-8C2D-AF3C0EA3163F} = {993E4087-E0EC-4713-9576-DD3ECA7062EA}
		{4FB9D629-75BC-4B61-BECF-66284DEC61A7} = {993E4087-E0EC-4713-9576-DD3ECA7062EA}
		{768353E5-594A-46D1-9DCE-3244EACDB8F1} = {865700FC-6FE5-4445-B584-C2AA3900D0E4}
		{14CCA400-AA6F-4757-AD52-08A2D7BB6E9E} = {865700FC-6FE5-4445-B584-C2AA3900D0E4}
	EndGlobalSection
	GlobalSection(ExtensibilityGlobals) = postSolution
		SolutionGuid = {B2888C95-8ED3-44F8-BD54-15A071471147}
	EndGlobalSection
EndGlobal
