
Microsoft Visual Studio Solution File, Format Version 12.00
# Visual Studio Version 17
VisualStudioVersion = 17.0.32112.339
MinimumVisualStudioVersion = 10.0.40219.1
Project("{9A19103F-16F7-4668-BE54-9A1E7A4F7556}") = "Vernuntii.Git", "src\Vernuntii.Git\Vernuntii.Git.csproj", "{FE6DC2D7-0C05-4A1B-86FE-62050D3F7A4A}"
EndProject
Project("{9A19103F-16F7-4668-BE54-9A1E7A4F7556}") = "Vernuntii.Console.MSBuild", "src\Vernuntii.Console.MSBuild\Vernuntii.Console.MSBuild.csproj", "{B7701F5E-ED65-4312-A56F-171F1E2B77C8}"
EndProject
Project("{2150E333-8FDC-42A3-9474-1A3956D46DE8}") = "Tests", "Tests", "{06659068-D20B-480F-B1E6-A80EF8E63052}"
EndProject
Project("{9A19103F-16F7-4668-BE54-9A1E7A4F7556}") = "Vernuntii.Calculator", "src\Vernuntii.Calculator\Vernuntii.Calculator.csproj", "{3D24C67E-91A8-4B2F-A5C1-EC18EB077230}"
EndProject
Project("{9A19103F-16F7-4668-BE54-9A1E7A4F7556}") = "Vernuntii.Calculator.Test", "test\Vernuntii.Calculator.Test\Vernuntii.Calculator.Test.csproj", "{D2755751-3065-4CCE-BDF3-DB5C5AD53022}"
EndProject
Project("{9A19103F-16F7-4668-BE54-9A1E7A4F7556}") = "Vernuntii.Console", "src\Vernuntii.Console\Vernuntii.Console.csproj", "{1A83F760-4402-44B3-95A5-EC485B4C90BF}"
EndProject
Project("{9A19103F-16F7-4668-BE54-9A1E7A4F7556}") = "Vernuntii.Configuration.Json", "src\Vernuntii.Configuration.Json\Vernuntii.Configuration.Json.csproj", "{D3011BE3-5E90-4187-948D-EEFB0DA0E828}"
EndProject
Project("{9A19103F-16F7-4668-BE54-9A1E7A4F7556}") = "Vernuntii.Configuration.Yaml", "src\Vernuntii.Configuration.Yaml\Vernuntii.Configuration.Yaml.csproj", "{574A58FB-87EB-4495-9045-20A345D1711C}"
EndProject
Project("{9A19103F-16F7-4668-BE54-9A1E7A4F7556}") = "Vernuntii.Abstractions", "src\Vernuntii.Abstractions\Vernuntii.Abstractions.csproj", "{A70A36E4-C583-402B-809C-49650D21C826}"
EndProject
Project("{9A19103F-16F7-4668-BE54-9A1E7A4F7556}") = "Vernuntii.Configuration.Core", "src\Vernuntii.Configuration.Core\Vernuntii.Configuration.Core.csproj", "{8CC4AE61-3694-479D-BB5A-8648E1DCB88A}"
EndProject
Project("{9A19103F-16F7-4668-BE54-9A1E7A4F7556}") = "Vernuntii.Git.Configuration", "src\Vernuntii.Git.Configuration\Vernuntii.Git.Configuration.csproj", "{1CEAC963-91FD-40C9-B435-5632B2DC2E1F}"
EndProject
Project("{9A19103F-16F7-4668-BE54-9A1E7A4F7556}") = "Vernuntii.Configuration.Test", "test\Vernuntii.Configuration.Test\Vernuntii.Configuration.Test.csproj", "{06005F6C-1347-4177-B6EE-284637BDFDB7}"
EndProject
Project("{9A19103F-16F7-4668-BE54-9A1E7A4F7556}") = "Vernuntii.Test", "test\Vernuntii.Test\Vernuntii.Test.csproj", "{C39C8B51-A954-4991-813C-C76AF954C1B1}"
EndProject
Project("{9A19103F-16F7-4668-BE54-9A1E7A4F7556}") = "Vernuntii.TestInfrastructure", "test\Vernuntii.TestInfrastructure\Vernuntii.TestInfrastructure.csproj", "{E9B8EEF4-72DF-4BF6-984D-B055C55FE0BB}"
EndProject
Project("{9A19103F-16F7-4668-BE54-9A1E7A4F7556}") = "GitTools.Testing", "test\GitTools.Testing\GitTools.Testing.csproj", "{261DA1D8-C028-48A0-8104-7102AAE98A91}"
EndProject
Project("{9A19103F-16F7-4668-BE54-9A1E7A4F7556}") = "Vernuntii.Git.Test", "test\Vernuntii.Git.Test\Vernuntii.Git.Test.csproj", "{8A1748E7-144D-4E6D-BE3F-05B2B2C2F1BF}"
EndProject
Project("{9A19103F-16F7-4668-BE54-9A1E7A4F7556}") = "Vernuntii.SemVer.Parser", "src\Vernuntii.SemVer.Parser\Vernuntii.SemVer.Parser.csproj", "{4A23E616-778F-434B-8D1E-3BF3CA4781FF}"
EndProject
Project("{9A19103F-16F7-4668-BE54-9A1E7A4F7556}") = "Vernuntii.SemVer.Parser.Test", "test\Vernuntii.SemVer.Parser.Test\Vernuntii.SemVer.Parser.Test.csproj", "{38029887-2EBA-4D0D-BA38-630648346425}"
EndProject
Project("{9A19103F-16F7-4668-BE54-9A1E7A4F7556}") = "Vernuntii.SemVer", "src\Vernuntii.SemVer\Vernuntii.SemVer.csproj", "{5CE643E9-7B54-44FE-9D1E-5ACF49DA5B32}"
EndProject
Project("{9A19103F-16F7-4668-BE54-9A1E7A4F7556}") = "Vernuntii.VersionFoundation", "src\Vernuntii.VersionFoundation\Vernuntii.VersionFoundation.csproj", "{A80790F5-02D0-48C3-9745-3A7DA2BE469F}"
EndProject
Project("{9A19103F-16F7-4668-BE54-9A1E7A4F7556}") = "Vernuntii.VersionPresentation", "src\Vernuntii.VersionPresentation\Vernuntii.VersionPresentation.csproj", "{AD1F8987-152D-461F-A1B2-B0C073E3ABC8}"
EndProject
Project("{9A19103F-16F7-4668-BE54-9A1E7A4F7556}") = "Vernuntii.Console.GlobalTool", "src\Vernuntii.Console.GlobalTool\Vernuntii.Console.GlobalTool.csproj", "{43E8DB7B-70A4-4412-868B-0D4B2DD43B00}"
EndProject
Project("{9A19103F-16F7-4668-BE54-9A1E7A4F7556}") = "Vernuntii.Autofac", "src\Vernuntii.Autofac\Vernuntii.Autofac.csproj", "{6A43AA38-05D0-4926-B974-1CAFCD6A14D5}"
EndProject
Project("{9A19103F-16F7-4668-BE54-9A1E7A4F7556}") = "Vernuntii.PluginSystem", "src\Vernuntii.PluginSystem\Vernuntii.PluginSystem.csproj", "{8B381729-EE9F-44A9-AE7D-C152F2F2E4C6}"
EndProject
Project("{9A19103F-16F7-4668-BE54-9A1E7A4F7556}") = "Vernuntii.Plugins", "src\Vernuntii.Plugins\Vernuntii.Plugins.csproj", "{A409BC7E-BD06-478E-8432-57270856FB1C}"
EndProject
Project("{9A19103F-16F7-4668-BE54-9A1E7A4F7556}") = "Vernuntii.Plugins.Core", "src\Vernuntii.Plugins.Core\Vernuntii.Plugins.Core.csproj", "{C2418D16-70D3-4BAD-8539-71620A496C25}"
EndProject
Project("{9A19103F-16F7-4668-BE54-9A1E7A4F7556}") = "Vernuntii.PluginSystem.Core", "src\Vernuntii.PluginSystem.Core\Vernuntii.PluginSystem.Core.csproj", "{DE6B133F-1618-4B06-9280-3B67703E91EB}"
EndProject
Global
	GlobalSection(SolutionConfigurationPlatforms) = preSolution
		Debug|Any CPU = Debug|Any CPU
		Debug|x64 = Debug|x64
		Debug|x86 = Debug|x86
		Release|Any CPU = Release|Any CPU
		Release|x64 = Release|x64
		Release|x86 = Release|x86
	EndGlobalSection
	GlobalSection(ProjectConfigurationPlatforms) = postSolution
		{FE6DC2D7-0C05-4A1B-86FE-62050D3F7A4A}.Debug|Any CPU.ActiveCfg = Debug|Any CPU
		{FE6DC2D7-0C05-4A1B-86FE-62050D3F7A4A}.Debug|Any CPU.Build.0 = Debug|Any CPU
		{FE6DC2D7-0C05-4A1B-86FE-62050D3F7A4A}.Debug|x64.ActiveCfg = Debug|Any CPU
		{FE6DC2D7-0C05-4A1B-86FE-62050D3F7A4A}.Debug|x64.Build.0 = Debug|Any CPU
		{FE6DC2D7-0C05-4A1B-86FE-62050D3F7A4A}.Debug|x86.ActiveCfg = Debug|Any CPU
		{FE6DC2D7-0C05-4A1B-86FE-62050D3F7A4A}.Debug|x86.Build.0 = Debug|Any CPU
		{FE6DC2D7-0C05-4A1B-86FE-62050D3F7A4A}.Release|Any CPU.ActiveCfg = Release|Any CPU
		{FE6DC2D7-0C05-4A1B-86FE-62050D3F7A4A}.Release|Any CPU.Build.0 = Release|Any CPU
		{FE6DC2D7-0C05-4A1B-86FE-62050D3F7A4A}.Release|x64.ActiveCfg = Release|Any CPU
		{FE6DC2D7-0C05-4A1B-86FE-62050D3F7A4A}.Release|x64.Build.0 = Release|Any CPU
		{FE6DC2D7-0C05-4A1B-86FE-62050D3F7A4A}.Release|x86.ActiveCfg = Release|Any CPU
		{FE6DC2D7-0C05-4A1B-86FE-62050D3F7A4A}.Release|x86.Build.0 = Release|Any CPU
		{B7701F5E-ED65-4312-A56F-171F1E2B77C8}.Debug|Any CPU.ActiveCfg = Debug|Any CPU
		{B7701F5E-ED65-4312-A56F-171F1E2B77C8}.Debug|Any CPU.Build.0 = Debug|Any CPU
		{B7701F5E-ED65-4312-A56F-171F1E2B77C8}.Debug|x64.ActiveCfg = Debug|Any CPU
		{B7701F5E-ED65-4312-A56F-171F1E2B77C8}.Debug|x64.Build.0 = Debug|Any CPU
		{B7701F5E-ED65-4312-A56F-171F1E2B77C8}.Debug|x86.ActiveCfg = Debug|Any CPU
		{B7701F5E-ED65-4312-A56F-171F1E2B77C8}.Debug|x86.Build.0 = Debug|Any CPU
		{B7701F5E-ED65-4312-A56F-171F1E2B77C8}.Release|Any CPU.ActiveCfg = Release|Any CPU
		{B7701F5E-ED65-4312-A56F-171F1E2B77C8}.Release|Any CPU.Build.0 = Release|Any CPU
		{B7701F5E-ED65-4312-A56F-171F1E2B77C8}.Release|x64.ActiveCfg = Release|Any CPU
		{B7701F5E-ED65-4312-A56F-171F1E2B77C8}.Release|x64.Build.0 = Release|Any CPU
		{B7701F5E-ED65-4312-A56F-171F1E2B77C8}.Release|x86.ActiveCfg = Release|Any CPU
		{B7701F5E-ED65-4312-A56F-171F1E2B77C8}.Release|x86.Build.0 = Release|Any CPU
		{3D24C67E-91A8-4B2F-A5C1-EC18EB077230}.Debug|Any CPU.ActiveCfg = Debug|Any CPU
		{3D24C67E-91A8-4B2F-A5C1-EC18EB077230}.Debug|Any CPU.Build.0 = Debug|Any CPU
		{3D24C67E-91A8-4B2F-A5C1-EC18EB077230}.Debug|x64.ActiveCfg = Debug|Any CPU
		{3D24C67E-91A8-4B2F-A5C1-EC18EB077230}.Debug|x64.Build.0 = Debug|Any CPU
		{3D24C67E-91A8-4B2F-A5C1-EC18EB077230}.Debug|x86.ActiveCfg = Debug|Any CPU
		{3D24C67E-91A8-4B2F-A5C1-EC18EB077230}.Debug|x86.Build.0 = Debug|Any CPU
		{3D24C67E-91A8-4B2F-A5C1-EC18EB077230}.Release|Any CPU.ActiveCfg = Release|Any CPU
		{3D24C67E-91A8-4B2F-A5C1-EC18EB077230}.Release|Any CPU.Build.0 = Release|Any CPU
		{3D24C67E-91A8-4B2F-A5C1-EC18EB077230}.Release|x64.ActiveCfg = Release|Any CPU
		{3D24C67E-91A8-4B2F-A5C1-EC18EB077230}.Release|x64.Build.0 = Release|Any CPU
		{3D24C67E-91A8-4B2F-A5C1-EC18EB077230}.Release|x86.ActiveCfg = Release|Any CPU
		{3D24C67E-91A8-4B2F-A5C1-EC18EB077230}.Release|x86.Build.0 = Release|Any CPU
		{D2755751-3065-4CCE-BDF3-DB5C5AD53022}.Debug|Any CPU.ActiveCfg = Debug|Any CPU
		{D2755751-3065-4CCE-BDF3-DB5C5AD53022}.Debug|Any CPU.Build.0 = Debug|Any CPU
		{D2755751-3065-4CCE-BDF3-DB5C5AD53022}.Debug|x64.ActiveCfg = Debug|Any CPU
		{D2755751-3065-4CCE-BDF3-DB5C5AD53022}.Debug|x64.Build.0 = Debug|Any CPU
		{D2755751-3065-4CCE-BDF3-DB5C5AD53022}.Debug|x86.ActiveCfg = Debug|Any CPU
		{D2755751-3065-4CCE-BDF3-DB5C5AD53022}.Debug|x86.Build.0 = Debug|Any CPU
		{D2755751-3065-4CCE-BDF3-DB5C5AD53022}.Release|Any CPU.ActiveCfg = Release|Any CPU
		{D2755751-3065-4CCE-BDF3-DB5C5AD53022}.Release|Any CPU.Build.0 = Release|Any CPU
		{D2755751-3065-4CCE-BDF3-DB5C5AD53022}.Release|x64.ActiveCfg = Release|Any CPU
		{D2755751-3065-4CCE-BDF3-DB5C5AD53022}.Release|x64.Build.0 = Release|Any CPU
		{D2755751-3065-4CCE-BDF3-DB5C5AD53022}.Release|x86.ActiveCfg = Release|Any CPU
		{D2755751-3065-4CCE-BDF3-DB5C5AD53022}.Release|x86.Build.0 = Release|Any CPU
		{1A83F760-4402-44B3-95A5-EC485B4C90BF}.Debug|Any CPU.ActiveCfg = Debug|Any CPU
		{1A83F760-4402-44B3-95A5-EC485B4C90BF}.Debug|Any CPU.Build.0 = Debug|Any CPU
		{1A83F760-4402-44B3-95A5-EC485B4C90BF}.Debug|x64.ActiveCfg = Debug|Any CPU
		{1A83F760-4402-44B3-95A5-EC485B4C90BF}.Debug|x64.Build.0 = Debug|Any CPU
		{1A83F760-4402-44B3-95A5-EC485B4C90BF}.Debug|x86.ActiveCfg = Debug|Any CPU
		{1A83F760-4402-44B3-95A5-EC485B4C90BF}.Debug|x86.Build.0 = Debug|Any CPU
		{1A83F760-4402-44B3-95A5-EC485B4C90BF}.Release|Any CPU.ActiveCfg = Release|Any CPU
		{1A83F760-4402-44B3-95A5-EC485B4C90BF}.Release|Any CPU.Build.0 = Release|Any CPU
		{1A83F760-4402-44B3-95A5-EC485B4C90BF}.Release|x64.ActiveCfg = Release|Any CPU
		{1A83F760-4402-44B3-95A5-EC485B4C90BF}.Release|x64.Build.0 = Release|Any CPU
		{1A83F760-4402-44B3-95A5-EC485B4C90BF}.Release|x86.ActiveCfg = Release|Any CPU
		{1A83F760-4402-44B3-95A5-EC485B4C90BF}.Release|x86.Build.0 = Release|Any CPU
		{D3011BE3-5E90-4187-948D-EEFB0DA0E828}.Debug|Any CPU.ActiveCfg = Debug|Any CPU
		{D3011BE3-5E90-4187-948D-EEFB0DA0E828}.Debug|Any CPU.Build.0 = Debug|Any CPU
		{D3011BE3-5E90-4187-948D-EEFB0DA0E828}.Debug|x64.ActiveCfg = Debug|Any CPU
		{D3011BE3-5E90-4187-948D-EEFB0DA0E828}.Debug|x64.Build.0 = Debug|Any CPU
		{D3011BE3-5E90-4187-948D-EEFB0DA0E828}.Debug|x86.ActiveCfg = Debug|Any CPU
		{D3011BE3-5E90-4187-948D-EEFB0DA0E828}.Debug|x86.Build.0 = Debug|Any CPU
		{D3011BE3-5E90-4187-948D-EEFB0DA0E828}.Release|Any CPU.ActiveCfg = Release|Any CPU
		{D3011BE3-5E90-4187-948D-EEFB0DA0E828}.Release|Any CPU.Build.0 = Release|Any CPU
		{D3011BE3-5E90-4187-948D-EEFB0DA0E828}.Release|x64.ActiveCfg = Release|Any CPU
		{D3011BE3-5E90-4187-948D-EEFB0DA0E828}.Release|x64.Build.0 = Release|Any CPU
		{D3011BE3-5E90-4187-948D-EEFB0DA0E828}.Release|x86.ActiveCfg = Release|Any CPU
		{D3011BE3-5E90-4187-948D-EEFB0DA0E828}.Release|x86.Build.0 = Release|Any CPU
		{574A58FB-87EB-4495-9045-20A345D1711C}.Debug|Any CPU.ActiveCfg = Debug|Any CPU
		{574A58FB-87EB-4495-9045-20A345D1711C}.Debug|Any CPU.Build.0 = Debug|Any CPU
		{574A58FB-87EB-4495-9045-20A345D1711C}.Debug|x64.ActiveCfg = Debug|Any CPU
		{574A58FB-87EB-4495-9045-20A345D1711C}.Debug|x64.Build.0 = Debug|Any CPU
		{574A58FB-87EB-4495-9045-20A345D1711C}.Debug|x86.ActiveCfg = Debug|Any CPU
		{574A58FB-87EB-4495-9045-20A345D1711C}.Debug|x86.Build.0 = Debug|Any CPU
		{574A58FB-87EB-4495-9045-20A345D1711C}.Release|Any CPU.ActiveCfg = Release|Any CPU
		{574A58FB-87EB-4495-9045-20A345D1711C}.Release|Any CPU.Build.0 = Release|Any CPU
		{574A58FB-87EB-4495-9045-20A345D1711C}.Release|x64.ActiveCfg = Release|Any CPU
		{574A58FB-87EB-4495-9045-20A345D1711C}.Release|x64.Build.0 = Release|Any CPU
		{574A58FB-87EB-4495-9045-20A345D1711C}.Release|x86.ActiveCfg = Release|Any CPU
		{574A58FB-87EB-4495-9045-20A345D1711C}.Release|x86.Build.0 = Release|Any CPU
		{A70A36E4-C583-402B-809C-49650D21C826}.Debug|Any CPU.ActiveCfg = Debug|Any CPU
		{A70A36E4-C583-402B-809C-49650D21C826}.Debug|Any CPU.Build.0 = Debug|Any CPU
		{A70A36E4-C583-402B-809C-49650D21C826}.Debug|x64.ActiveCfg = Debug|Any CPU
		{A70A36E4-C583-402B-809C-49650D21C826}.Debug|x64.Build.0 = Debug|Any CPU
		{A70A36E4-C583-402B-809C-49650D21C826}.Debug|x86.ActiveCfg = Debug|Any CPU
		{A70A36E4-C583-402B-809C-49650D21C826}.Debug|x86.Build.0 = Debug|Any CPU
		{A70A36E4-C583-402B-809C-49650D21C826}.Release|Any CPU.ActiveCfg = Release|Any CPU
		{A70A36E4-C583-402B-809C-49650D21C826}.Release|Any CPU.Build.0 = Release|Any CPU
		{A70A36E4-C583-402B-809C-49650D21C826}.Release|x64.ActiveCfg = Release|Any CPU
		{A70A36E4-C583-402B-809C-49650D21C826}.Release|x64.Build.0 = Release|Any CPU
		{A70A36E4-C583-402B-809C-49650D21C826}.Release|x86.ActiveCfg = Release|Any CPU
		{A70A36E4-C583-402B-809C-49650D21C826}.Release|x86.Build.0 = Release|Any CPU
		{8CC4AE61-3694-479D-BB5A-8648E1DCB88A}.Debug|Any CPU.ActiveCfg = Debug|Any CPU
		{8CC4AE61-3694-479D-BB5A-8648E1DCB88A}.Debug|Any CPU.Build.0 = Debug|Any CPU
		{8CC4AE61-3694-479D-BB5A-8648E1DCB88A}.Debug|x64.ActiveCfg = Debug|Any CPU
		{8CC4AE61-3694-479D-BB5A-8648E1DCB88A}.Debug|x64.Build.0 = Debug|Any CPU
		{8CC4AE61-3694-479D-BB5A-8648E1DCB88A}.Debug|x86.ActiveCfg = Debug|Any CPU
		{8CC4AE61-3694-479D-BB5A-8648E1DCB88A}.Debug|x86.Build.0 = Debug|Any CPU
		{8CC4AE61-3694-479D-BB5A-8648E1DCB88A}.Release|Any CPU.ActiveCfg = Release|Any CPU
		{8CC4AE61-3694-479D-BB5A-8648E1DCB88A}.Release|Any CPU.Build.0 = Release|Any CPU
		{8CC4AE61-3694-479D-BB5A-8648E1DCB88A}.Release|x64.ActiveCfg = Release|Any CPU
		{8CC4AE61-3694-479D-BB5A-8648E1DCB88A}.Release|x64.Build.0 = Release|Any CPU
		{8CC4AE61-3694-479D-BB5A-8648E1DCB88A}.Release|x86.ActiveCfg = Release|Any CPU
		{8CC4AE61-3694-479D-BB5A-8648E1DCB88A}.Release|x86.Build.0 = Release|Any CPU
		{1CEAC963-91FD-40C9-B435-5632B2DC2E1F}.Debug|Any CPU.ActiveCfg = Debug|Any CPU
		{1CEAC963-91FD-40C9-B435-5632B2DC2E1F}.Debug|Any CPU.Build.0 = Debug|Any CPU
		{1CEAC963-91FD-40C9-B435-5632B2DC2E1F}.Debug|x64.ActiveCfg = Debug|Any CPU
		{1CEAC963-91FD-40C9-B435-5632B2DC2E1F}.Debug|x64.Build.0 = Debug|Any CPU
		{1CEAC963-91FD-40C9-B435-5632B2DC2E1F}.Debug|x86.ActiveCfg = Debug|Any CPU
		{1CEAC963-91FD-40C9-B435-5632B2DC2E1F}.Debug|x86.Build.0 = Debug|Any CPU
		{1CEAC963-91FD-40C9-B435-5632B2DC2E1F}.Release|Any CPU.ActiveCfg = Release|Any CPU
		{1CEAC963-91FD-40C9-B435-5632B2DC2E1F}.Release|Any CPU.Build.0 = Release|Any CPU
		{1CEAC963-91FD-40C9-B435-5632B2DC2E1F}.Release|x64.ActiveCfg = Release|Any CPU
		{1CEAC963-91FD-40C9-B435-5632B2DC2E1F}.Release|x64.Build.0 = Release|Any CPU
		{1CEAC963-91FD-40C9-B435-5632B2DC2E1F}.Release|x86.ActiveCfg = Release|Any CPU
		{1CEAC963-91FD-40C9-B435-5632B2DC2E1F}.Release|x86.Build.0 = Release|Any CPU
		{06005F6C-1347-4177-B6EE-284637BDFDB7}.Debug|Any CPU.ActiveCfg = Debug|Any CPU
		{06005F6C-1347-4177-B6EE-284637BDFDB7}.Debug|Any CPU.Build.0 = Debug|Any CPU
		{06005F6C-1347-4177-B6EE-284637BDFDB7}.Debug|x64.ActiveCfg = Debug|Any CPU
		{06005F6C-1347-4177-B6EE-284637BDFDB7}.Debug|x64.Build.0 = Debug|Any CPU
		{06005F6C-1347-4177-B6EE-284637BDFDB7}.Debug|x86.ActiveCfg = Debug|Any CPU
		{06005F6C-1347-4177-B6EE-284637BDFDB7}.Debug|x86.Build.0 = Debug|Any CPU
		{06005F6C-1347-4177-B6EE-284637BDFDB7}.Release|Any CPU.ActiveCfg = Release|Any CPU
		{06005F6C-1347-4177-B6EE-284637BDFDB7}.Release|Any CPU.Build.0 = Release|Any CPU
		{06005F6C-1347-4177-B6EE-284637BDFDB7}.Release|x64.ActiveCfg = Release|Any CPU
		{06005F6C-1347-4177-B6EE-284637BDFDB7}.Release|x64.Build.0 = Release|Any CPU
		{06005F6C-1347-4177-B6EE-284637BDFDB7}.Release|x86.ActiveCfg = Release|Any CPU
		{06005F6C-1347-4177-B6EE-284637BDFDB7}.Release|x86.Build.0 = Release|Any CPU
		{C39C8B51-A954-4991-813C-C76AF954C1B1}.Debug|Any CPU.ActiveCfg = Debug|Any CPU
		{C39C8B51-A954-4991-813C-C76AF954C1B1}.Debug|Any CPU.Build.0 = Debug|Any CPU
		{C39C8B51-A954-4991-813C-C76AF954C1B1}.Debug|x64.ActiveCfg = Debug|Any CPU
		{C39C8B51-A954-4991-813C-C76AF954C1B1}.Debug|x64.Build.0 = Debug|Any CPU
		{C39C8B51-A954-4991-813C-C76AF954C1B1}.Debug|x86.ActiveCfg = Debug|Any CPU
		{C39C8B51-A954-4991-813C-C76AF954C1B1}.Debug|x86.Build.0 = Debug|Any CPU
		{C39C8B51-A954-4991-813C-C76AF954C1B1}.Release|Any CPU.ActiveCfg = Release|Any CPU
		{C39C8B51-A954-4991-813C-C76AF954C1B1}.Release|Any CPU.Build.0 = Release|Any CPU
		{C39C8B51-A954-4991-813C-C76AF954C1B1}.Release|x64.ActiveCfg = Release|Any CPU
		{C39C8B51-A954-4991-813C-C76AF954C1B1}.Release|x64.Build.0 = Release|Any CPU
		{C39C8B51-A954-4991-813C-C76AF954C1B1}.Release|x86.ActiveCfg = Release|Any CPU
		{C39C8B51-A954-4991-813C-C76AF954C1B1}.Release|x86.Build.0 = Release|Any CPU
		{E9B8EEF4-72DF-4BF6-984D-B055C55FE0BB}.Debug|Any CPU.ActiveCfg = Debug|Any CPU
		{E9B8EEF4-72DF-4BF6-984D-B055C55FE0BB}.Debug|Any CPU.Build.0 = Debug|Any CPU
		{E9B8EEF4-72DF-4BF6-984D-B055C55FE0BB}.Debug|x64.ActiveCfg = Debug|Any CPU
		{E9B8EEF4-72DF-4BF6-984D-B055C55FE0BB}.Debug|x64.Build.0 = Debug|Any CPU
		{E9B8EEF4-72DF-4BF6-984D-B055C55FE0BB}.Debug|x86.ActiveCfg = Debug|Any CPU
		{E9B8EEF4-72DF-4BF6-984D-B055C55FE0BB}.Debug|x86.Build.0 = Debug|Any CPU
		{E9B8EEF4-72DF-4BF6-984D-B055C55FE0BB}.Release|Any CPU.ActiveCfg = Release|Any CPU
		{E9B8EEF4-72DF-4BF6-984D-B055C55FE0BB}.Release|Any CPU.Build.0 = Release|Any CPU
		{E9B8EEF4-72DF-4BF6-984D-B055C55FE0BB}.Release|x64.ActiveCfg = Release|Any CPU
		{E9B8EEF4-72DF-4BF6-984D-B055C55FE0BB}.Release|x64.Build.0 = Release|Any CPU
		{E9B8EEF4-72DF-4BF6-984D-B055C55FE0BB}.Release|x86.ActiveCfg = Release|Any CPU
		{E9B8EEF4-72DF-4BF6-984D-B055C55FE0BB}.Release|x86.Build.0 = Release|Any CPU
		{261DA1D8-C028-48A0-8104-7102AAE98A91}.Debug|Any CPU.ActiveCfg = Debug|Any CPU
		{261DA1D8-C028-48A0-8104-7102AAE98A91}.Debug|Any CPU.Build.0 = Debug|Any CPU
		{261DA1D8-C028-48A0-8104-7102AAE98A91}.Debug|x64.ActiveCfg = Debug|Any CPU
		{261DA1D8-C028-48A0-8104-7102AAE98A91}.Debug|x64.Build.0 = Debug|Any CPU
		{261DA1D8-C028-48A0-8104-7102AAE98A91}.Debug|x86.ActiveCfg = Debug|Any CPU
		{261DA1D8-C028-48A0-8104-7102AAE98A91}.Debug|x86.Build.0 = Debug|Any CPU
		{261DA1D8-C028-48A0-8104-7102AAE98A91}.Release|Any CPU.ActiveCfg = Release|Any CPU
		{261DA1D8-C028-48A0-8104-7102AAE98A91}.Release|Any CPU.Build.0 = Release|Any CPU
		{261DA1D8-C028-48A0-8104-7102AAE98A91}.Release|x64.ActiveCfg = Release|Any CPU
		{261DA1D8-C028-48A0-8104-7102AAE98A91}.Release|x64.Build.0 = Release|Any CPU
		{261DA1D8-C028-48A0-8104-7102AAE98A91}.Release|x86.ActiveCfg = Release|Any CPU
		{261DA1D8-C028-48A0-8104-7102AAE98A91}.Release|x86.Build.0 = Release|Any CPU
		{8A1748E7-144D-4E6D-BE3F-05B2B2C2F1BF}.Debug|Any CPU.ActiveCfg = Debug|Any CPU
		{8A1748E7-144D-4E6D-BE3F-05B2B2C2F1BF}.Debug|Any CPU.Build.0 = Debug|Any CPU
		{8A1748E7-144D-4E6D-BE3F-05B2B2C2F1BF}.Debug|x64.ActiveCfg = Debug|Any CPU
		{8A1748E7-144D-4E6D-BE3F-05B2B2C2F1BF}.Debug|x64.Build.0 = Debug|Any CPU
		{8A1748E7-144D-4E6D-BE3F-05B2B2C2F1BF}.Debug|x86.ActiveCfg = Debug|Any CPU
		{8A1748E7-144D-4E6D-BE3F-05B2B2C2F1BF}.Debug|x86.Build.0 = Debug|Any CPU
		{8A1748E7-144D-4E6D-BE3F-05B2B2C2F1BF}.Release|Any CPU.ActiveCfg = Release|Any CPU
		{8A1748E7-144D-4E6D-BE3F-05B2B2C2F1BF}.Release|Any CPU.Build.0 = Release|Any CPU
		{8A1748E7-144D-4E6D-BE3F-05B2B2C2F1BF}.Release|x64.ActiveCfg = Release|Any CPU
		{8A1748E7-144D-4E6D-BE3F-05B2B2C2F1BF}.Release|x64.Build.0 = Release|Any CPU
		{8A1748E7-144D-4E6D-BE3F-05B2B2C2F1BF}.Release|x86.ActiveCfg = Release|Any CPU
		{8A1748E7-144D-4E6D-BE3F-05B2B2C2F1BF}.Release|x86.Build.0 = Release|Any CPU
		{4A23E616-778F-434B-8D1E-3BF3CA4781FF}.Debug|Any CPU.ActiveCfg = Debug|Any CPU
		{4A23E616-778F-434B-8D1E-3BF3CA4781FF}.Debug|Any CPU.Build.0 = Debug|Any CPU
		{4A23E616-778F-434B-8D1E-3BF3CA4781FF}.Debug|x64.ActiveCfg = Debug|Any CPU
		{4A23E616-778F-434B-8D1E-3BF3CA4781FF}.Debug|x64.Build.0 = Debug|Any CPU
		{4A23E616-778F-434B-8D1E-3BF3CA4781FF}.Debug|x86.ActiveCfg = Debug|Any CPU
		{4A23E616-778F-434B-8D1E-3BF3CA4781FF}.Debug|x86.Build.0 = Debug|Any CPU
		{4A23E616-778F-434B-8D1E-3BF3CA4781FF}.Release|Any CPU.ActiveCfg = Release|Any CPU
		{4A23E616-778F-434B-8D1E-3BF3CA4781FF}.Release|Any CPU.Build.0 = Release|Any CPU
		{4A23E616-778F-434B-8D1E-3BF3CA4781FF}.Release|x64.ActiveCfg = Release|Any CPU
		{4A23E616-778F-434B-8D1E-3BF3CA4781FF}.Release|x64.Build.0 = Release|Any CPU
		{4A23E616-778F-434B-8D1E-3BF3CA4781FF}.Release|x86.ActiveCfg = Release|Any CPU
		{4A23E616-778F-434B-8D1E-3BF3CA4781FF}.Release|x86.Build.0 = Release|Any CPU
		{38029887-2EBA-4D0D-BA38-630648346425}.Debug|Any CPU.ActiveCfg = Debug|Any CPU
		{38029887-2EBA-4D0D-BA38-630648346425}.Debug|Any CPU.Build.0 = Debug|Any CPU
		{38029887-2EBA-4D0D-BA38-630648346425}.Debug|x64.ActiveCfg = Debug|Any CPU
		{38029887-2EBA-4D0D-BA38-630648346425}.Debug|x64.Build.0 = Debug|Any CPU
		{38029887-2EBA-4D0D-BA38-630648346425}.Debug|x86.ActiveCfg = Debug|Any CPU
		{38029887-2EBA-4D0D-BA38-630648346425}.Debug|x86.Build.0 = Debug|Any CPU
		{38029887-2EBA-4D0D-BA38-630648346425}.Release|Any CPU.ActiveCfg = Release|Any CPU
		{38029887-2EBA-4D0D-BA38-630648346425}.Release|Any CPU.Build.0 = Release|Any CPU
		{38029887-2EBA-4D0D-BA38-630648346425}.Release|x64.ActiveCfg = Release|Any CPU
		{38029887-2EBA-4D0D-BA38-630648346425}.Release|x64.Build.0 = Release|Any CPU
		{38029887-2EBA-4D0D-BA38-630648346425}.Release|x86.ActiveCfg = Release|Any CPU
		{38029887-2EBA-4D0D-BA38-630648346425}.Release|x86.Build.0 = Release|Any CPU
		{5CE643E9-7B54-44FE-9D1E-5ACF49DA5B32}.Debug|Any CPU.ActiveCfg = Debug|Any CPU
		{5CE643E9-7B54-44FE-9D1E-5ACF49DA5B32}.Debug|Any CPU.Build.0 = Debug|Any CPU
		{5CE643E9-7B54-44FE-9D1E-5ACF49DA5B32}.Debug|x64.ActiveCfg = Debug|Any CPU
		{5CE643E9-7B54-44FE-9D1E-5ACF49DA5B32}.Debug|x64.Build.0 = Debug|Any CPU
		{5CE643E9-7B54-44FE-9D1E-5ACF49DA5B32}.Debug|x86.ActiveCfg = Debug|Any CPU
		{5CE643E9-7B54-44FE-9D1E-5ACF49DA5B32}.Debug|x86.Build.0 = Debug|Any CPU
		{5CE643E9-7B54-44FE-9D1E-5ACF49DA5B32}.Release|Any CPU.ActiveCfg = Release|Any CPU
		{5CE643E9-7B54-44FE-9D1E-5ACF49DA5B32}.Release|Any CPU.Build.0 = Release|Any CPU
		{5CE643E9-7B54-44FE-9D1E-5ACF49DA5B32}.Release|x64.ActiveCfg = Release|Any CPU
		{5CE643E9-7B54-44FE-9D1E-5ACF49DA5B32}.Release|x64.Build.0 = Release|Any CPU
		{5CE643E9-7B54-44FE-9D1E-5ACF49DA5B32}.Release|x86.ActiveCfg = Release|Any CPU
		{5CE643E9-7B54-44FE-9D1E-5ACF49DA5B32}.Release|x86.Build.0 = Release|Any CPU
		{A80790F5-02D0-48C3-9745-3A7DA2BE469F}.Debug|Any CPU.ActiveCfg = Debug|Any CPU
		{A80790F5-02D0-48C3-9745-3A7DA2BE469F}.Debug|Any CPU.Build.0 = Debug|Any CPU
		{A80790F5-02D0-48C3-9745-3A7DA2BE469F}.Debug|x64.ActiveCfg = Debug|Any CPU
		{A80790F5-02D0-48C3-9745-3A7DA2BE469F}.Debug|x64.Build.0 = Debug|Any CPU
		{A80790F5-02D0-48C3-9745-3A7DA2BE469F}.Debug|x86.ActiveCfg = Debug|Any CPU
		{A80790F5-02D0-48C3-9745-3A7DA2BE469F}.Debug|x86.Build.0 = Debug|Any CPU
		{A80790F5-02D0-48C3-9745-3A7DA2BE469F}.Release|Any CPU.ActiveCfg = Release|Any CPU
		{A80790F5-02D0-48C3-9745-3A7DA2BE469F}.Release|Any CPU.Build.0 = Release|Any CPU
		{A80790F5-02D0-48C3-9745-3A7DA2BE469F}.Release|x64.ActiveCfg = Release|Any CPU
		{A80790F5-02D0-48C3-9745-3A7DA2BE469F}.Release|x64.Build.0 = Release|Any CPU
		{A80790F5-02D0-48C3-9745-3A7DA2BE469F}.Release|x86.ActiveCfg = Release|Any CPU
		{A80790F5-02D0-48C3-9745-3A7DA2BE469F}.Release|x86.Build.0 = Release|Any CPU
		{AD1F8987-152D-461F-A1B2-B0C073E3ABC8}.Debug|Any CPU.ActiveCfg = Debug|Any CPU
		{AD1F8987-152D-461F-A1B2-B0C073E3ABC8}.Debug|Any CPU.Build.0 = Debug|Any CPU
		{AD1F8987-152D-461F-A1B2-B0C073E3ABC8}.Debug|x64.ActiveCfg = Debug|Any CPU
		{AD1F8987-152D-461F-A1B2-B0C073E3ABC8}.Debug|x64.Build.0 = Debug|Any CPU
		{AD1F8987-152D-461F-A1B2-B0C073E3ABC8}.Debug|x86.ActiveCfg = Debug|Any CPU
		{AD1F8987-152D-461F-A1B2-B0C073E3ABC8}.Debug|x86.Build.0 = Debug|Any CPU
		{AD1F8987-152D-461F-A1B2-B0C073E3ABC8}.Release|Any CPU.ActiveCfg = Release|Any CPU
		{AD1F8987-152D-461F-A1B2-B0C073E3ABC8}.Release|Any CPU.Build.0 = Release|Any CPU
		{AD1F8987-152D-461F-A1B2-B0C073E3ABC8}.Release|x64.ActiveCfg = Release|Any CPU
		{AD1F8987-152D-461F-A1B2-B0C073E3ABC8}.Release|x64.Build.0 = Release|Any CPU
		{AD1F8987-152D-461F-A1B2-B0C073E3ABC8}.Release|x86.ActiveCfg = Release|Any CPU
		{AD1F8987-152D-461F-A1B2-B0C073E3ABC8}.Release|x86.Build.0 = Release|Any CPU
		{43E8DB7B-70A4-4412-868B-0D4B2DD43B00}.Debug|Any CPU.ActiveCfg = Debug|Any CPU
		{43E8DB7B-70A4-4412-868B-0D4B2DD43B00}.Debug|Any CPU.Build.0 = Debug|Any CPU
		{43E8DB7B-70A4-4412-868B-0D4B2DD43B00}.Debug|x64.ActiveCfg = Debug|Any CPU
		{43E8DB7B-70A4-4412-868B-0D4B2DD43B00}.Debug|x64.Build.0 = Debug|Any CPU
		{43E8DB7B-70A4-4412-868B-0D4B2DD43B00}.Debug|x86.ActiveCfg = Debug|Any CPU
		{43E8DB7B-70A4-4412-868B-0D4B2DD43B00}.Debug|x86.Build.0 = Debug|Any CPU
		{43E8DB7B-70A4-4412-868B-0D4B2DD43B00}.Release|Any CPU.ActiveCfg = Release|Any CPU
		{43E8DB7B-70A4-4412-868B-0D4B2DD43B00}.Release|Any CPU.Build.0 = Release|Any CPU
		{43E8DB7B-70A4-4412-868B-0D4B2DD43B00}.Release|x64.ActiveCfg = Release|Any CPU
		{43E8DB7B-70A4-4412-868B-0D4B2DD43B00}.Release|x64.Build.0 = Release|Any CPU
		{43E8DB7B-70A4-4412-868B-0D4B2DD43B00}.Release|x86.ActiveCfg = Release|Any CPU
		{43E8DB7B-70A4-4412-868B-0D4B2DD43B00}.Release|x86.Build.0 = Release|Any CPU
		{6A43AA38-05D0-4926-B974-1CAFCD6A14D5}.Debug|Any CPU.ActiveCfg = Debug|Any CPU
		{6A43AA38-05D0-4926-B974-1CAFCD6A14D5}.Debug|Any CPU.Build.0 = Debug|Any CPU
		{6A43AA38-05D0-4926-B974-1CAFCD6A14D5}.Debug|x64.ActiveCfg = Debug|Any CPU
		{6A43AA38-05D0-4926-B974-1CAFCD6A14D5}.Debug|x64.Build.0 = Debug|Any CPU
		{6A43AA38-05D0-4926-B974-1CAFCD6A14D5}.Debug|x86.ActiveCfg = Debug|Any CPU
		{6A43AA38-05D0-4926-B974-1CAFCD6A14D5}.Debug|x86.Build.0 = Debug|Any CPU
		{6A43AA38-05D0-4926-B974-1CAFCD6A14D5}.Release|Any CPU.ActiveCfg = Release|Any CPU
		{6A43AA38-05D0-4926-B974-1CAFCD6A14D5}.Release|Any CPU.Build.0 = Release|Any CPU
		{6A43AA38-05D0-4926-B974-1CAFCD6A14D5}.Release|x64.ActiveCfg = Release|Any CPU
		{6A43AA38-05D0-4926-B974-1CAFCD6A14D5}.Release|x64.Build.0 = Release|Any CPU
		{6A43AA38-05D0-4926-B974-1CAFCD6A14D5}.Release|x86.ActiveCfg = Release|Any CPU
		{6A43AA38-05D0-4926-B974-1CAFCD6A14D5}.Release|x86.Build.0 = Release|Any CPU
		{8B381729-EE9F-44A9-AE7D-C152F2F2E4C6}.Debug|Any CPU.ActiveCfg = Debug|Any CPU
		{8B381729-EE9F-44A9-AE7D-C152F2F2E4C6}.Debug|Any CPU.Build.0 = Debug|Any CPU
		{8B381729-EE9F-44A9-AE7D-C152F2F2E4C6}.Debug|x64.ActiveCfg = Debug|Any CPU
		{8B381729-EE9F-44A9-AE7D-C152F2F2E4C6}.Debug|x64.Build.0 = Debug|Any CPU
		{8B381729-EE9F-44A9-AE7D-C152F2F2E4C6}.Debug|x86.ActiveCfg = Debug|Any CPU
		{8B381729-EE9F-44A9-AE7D-C152F2F2E4C6}.Debug|x86.Build.0 = Debug|Any CPU
		{8B381729-EE9F-44A9-AE7D-C152F2F2E4C6}.Release|Any CPU.ActiveCfg = Release|Any CPU
		{8B381729-EE9F-44A9-AE7D-C152F2F2E4C6}.Release|Any CPU.Build.0 = Release|Any CPU
		{8B381729-EE9F-44A9-AE7D-C152F2F2E4C6}.Release|x64.ActiveCfg = Release|Any CPU
		{8B381729-EE9F-44A9-AE7D-C152F2F2E4C6}.Release|x64.Build.0 = Release|Any CPU
		{8B381729-EE9F-44A9-AE7D-C152F2F2E4C6}.Release|x86.ActiveCfg = Release|Any CPU
		{8B381729-EE9F-44A9-AE7D-C152F2F2E4C6}.Release|x86.Build.0 = Release|Any CPU
		{A409BC7E-BD06-478E-8432-57270856FB1C}.Debug|Any CPU.ActiveCfg = Debug|Any CPU
		{A409BC7E-BD06-478E-8432-57270856FB1C}.Debug|Any CPU.Build.0 = Debug|Any CPU
		{A409BC7E-BD06-478E-8432-57270856FB1C}.Debug|x64.ActiveCfg = Debug|Any CPU
		{A409BC7E-BD06-478E-8432-57270856FB1C}.Debug|x64.Build.0 = Debug|Any CPU
		{A409BC7E-BD06-478E-8432-57270856FB1C}.Debug|x86.ActiveCfg = Debug|Any CPU
		{A409BC7E-BD06-478E-8432-57270856FB1C}.Debug|x86.Build.0 = Debug|Any CPU
		{A409BC7E-BD06-478E-8432-57270856FB1C}.Release|Any CPU.ActiveCfg = Release|Any CPU
		{A409BC7E-BD06-478E-8432-57270856FB1C}.Release|Any CPU.Build.0 = Release|Any CPU
		{A409BC7E-BD06-478E-8432-57270856FB1C}.Release|x64.ActiveCfg = Release|Any CPU
		{A409BC7E-BD06-478E-8432-57270856FB1C}.Release|x64.Build.0 = Release|Any CPU
		{A409BC7E-BD06-478E-8432-57270856FB1C}.Release|x86.ActiveCfg = Release|Any CPU
		{A409BC7E-BD06-478E-8432-57270856FB1C}.Release|x86.Build.0 = Release|Any CPU
		{C2418D16-70D3-4BAD-8539-71620A496C25}.Debug|Any CPU.ActiveCfg = Debug|Any CPU
		{C2418D16-70D3-4BAD-8539-71620A496C25}.Debug|Any CPU.Build.0 = Debug|Any CPU
		{C2418D16-70D3-4BAD-8539-71620A496C25}.Debug|x64.ActiveCfg = Debug|Any CPU
		{C2418D16-70D3-4BAD-8539-71620A496C25}.Debug|x64.Build.0 = Debug|Any CPU
		{C2418D16-70D3-4BAD-8539-71620A496C25}.Debug|x86.ActiveCfg = Debug|Any CPU
		{C2418D16-70D3-4BAD-8539-71620A496C25}.Debug|x86.Build.0 = Debug|Any CPU
		{C2418D16-70D3-4BAD-8539-71620A496C25}.Release|Any CPU.ActiveCfg = Release|Any CPU
		{C2418D16-70D3-4BAD-8539-71620A496C25}.Release|Any CPU.Build.0 = Release|Any CPU
		{C2418D16-70D3-4BAD-8539-71620A496C25}.Release|x64.ActiveCfg = Release|Any CPU
		{C2418D16-70D3-4BAD-8539-71620A496C25}.Release|x64.Build.0 = Release|Any CPU
		{C2418D16-70D3-4BAD-8539-71620A496C25}.Release|x86.ActiveCfg = Release|Any CPU
		{C2418D16-70D3-4BAD-8539-71620A496C25}.Release|x86.Build.0 = Release|Any CPU
		{DE6B133F-1618-4B06-9280-3B67703E91EB}.Debug|Any CPU.ActiveCfg = Debug|Any CPU
		{DE6B133F-1618-4B06-9280-3B67703E91EB}.Debug|Any CPU.Build.0 = Debug|Any CPU
		{DE6B133F-1618-4B06-9280-3B67703E91EB}.Debug|x64.ActiveCfg = Debug|Any CPU
		{DE6B133F-1618-4B06-9280-3B67703E91EB}.Debug|x64.Build.0 = Debug|Any CPU
		{DE6B133F-1618-4B06-9280-3B67703E91EB}.Debug|x86.ActiveCfg = Debug|Any CPU
		{DE6B133F-1618-4B06-9280-3B67703E91EB}.Debug|x86.Build.0 = Debug|Any CPU
		{DE6B133F-1618-4B06-9280-3B67703E91EB}.Release|Any CPU.ActiveCfg = Release|Any CPU
		{DE6B133F-1618-4B06-9280-3B67703E91EB}.Release|Any CPU.Build.0 = Release|Any CPU
		{DE6B133F-1618-4B06-9280-3B67703E91EB}.Release|x64.ActiveCfg = Release|Any CPU
		{DE6B133F-1618-4B06-9280-3B67703E91EB}.Release|x64.Build.0 = Release|Any CPU
		{DE6B133F-1618-4B06-9280-3B67703E91EB}.Release|x86.ActiveCfg = Release|Any CPU
		{DE6B133F-1618-4B06-9280-3B67703E91EB}.Release|x86.Build.0 = Release|Any CPU
	EndGlobalSection
	GlobalSection(SolutionProperties) = preSolution
		HideSolutionNode = FALSE
	EndGlobalSection
	GlobalSection(NestedProjects) = preSolution
		{D2755751-3065-4CCE-BDF3-DB5C5AD53022} = {06659068-D20B-480F-B1E6-A80EF8E63052}
		{06005F6C-1347-4177-B6EE-284637BDFDB7} = {06659068-D20B-480F-B1E6-A80EF8E63052}
		{C39C8B51-A954-4991-813C-C76AF954C1B1} = {06659068-D20B-480F-B1E6-A80EF8E63052}
		{E9B8EEF4-72DF-4BF6-984D-B055C55FE0BB} = {06659068-D20B-480F-B1E6-A80EF8E63052}
		{261DA1D8-C028-48A0-8104-7102AAE98A91} = {06659068-D20B-480F-B1E6-A80EF8E63052}
		{8A1748E7-144D-4E6D-BE3F-05B2B2C2F1BF} = {06659068-D20B-480F-B1E6-A80EF8E63052}
		{38029887-2EBA-4D0D-BA38-630648346425} = {06659068-D20B-480F-B1E6-A80EF8E63052}
	EndGlobalSection
	GlobalSection(ExtensibilityGlobals) = postSolution
		SolutionGuid = {77AFFA73-2852-4E5F-9745-04AFF4A74A7D}
	EndGlobalSection
EndGlobal
