
Microsoft Visual Studio Solution File, Format Version 12.00
# Visual Studio Version 17
VisualStudioVersion = 17.5.002.0
MinimumVisualStudioVersion = 10.0.40219.1
Project("{9A19103F-16F7-4668-BE54-9A1E7A4F7556}") = "Vernuntii.Automata", "Vernuntii.Automata.csproj", "{07A70704-DC93-49A6-82D1-90E229103E13}"
EndProject
Global
	GlobalSection(SolutionConfigurationPlatforms) = preSolution
		Debug|Any CPU = Debug|Any CPU
		Release|Any CPU = Release|Any CPU
	EndGlobalSection
	GlobalSection(ProjectConfigurationPlatforms) = postSolution
		{07A70704-DC93-49A6-82D1-90E229103E13}.Debug|Any CPU.ActiveCfg = Debug|Any CPU
		{07A70704-DC93-49A6-82D1-90E229103E13}.Debug|Any CPU.Build.0 = Debug|Any CPU
		{07A70704-DC93-49A6-82D1-90E229103E13}.Release|Any CPU.ActiveCfg = Release|Any CPU
		{07A70704-DC93-49A6-82D1-90E229103E13}.Release|Any CPU.Build.0 = Release|Any CPU
	EndGlobalSection
	GlobalSection(SolutionProperties) = preSolution
		HideSolutionNode = FALSE
	EndGlobalSection
	GlobalSection(ExtensibilityGlobals) = postSolution
		SolutionGuid = {83DC8DA8-8219-46D8-842F-E193CA1273EF}
	EndGlobalSection
EndGlobal
