
Microsoft Visual Studio Solution File, Format Version 12.00
# Visual Studio Version 17
VisualStudioVersion = 17.0.31903.59
MinimumVisualStudioVersion = 10.0.40219.1
Project("{FAE04EC0-301F-11D3-BF4B-00C04F79EFBC}") = "1", "1\1.csproj", "{816CBAB0-7ABA-4458-B7F7-6F584368795B}"
EndProject
Project("{FAE04EC0-301F-11D3-BF4B-00C04F79EFBC}") = "2", "2\2.csproj", "{E879D2AB-361D-4A42-8D6E-CE514A2229F2}"
EndProject
Project("{FAE04EC0-301F-11D3-BF4B-00C04F79EFBC}") = "3", "3\3.csproj", "{E44E1E47-5BEB-471F-A826-4A42AF8F57D3}"
EndProject
Project("{FAE04EC0-301F-11D3-BF4B-00C04F79EFBC}") = "4", "4\4.csproj", "{E27F45D1-2F8D-480E-8668-E950B9A9B108}"
EndProject
Project("{FAE04EC0-301F-11D3-BF4B-00C04F79EFBC}") = "5", "5\5.csproj", "{97E474FB-0B22-4692-8901-9EEE2584E1CF}"
EndProject
Project("{FAE04EC0-301F-11D3-BF4B-00C04F79EFBC}") = "6", "6\6.csproj", "{3541149D-62E5-42E1-A8FF-38D259B3B4E4}"
EndProject
Project("{FAE04EC0-301F-11D3-BF4B-00C04F79EFBC}") = "7", "7\7.csproj", "{088580EC-02E1-41E8-808C-52D981F49702}"
EndProject
Global
	GlobalSection(SolutionConfigurationPlatforms) = preSolution
		Debug|Any CPU = Debug|Any CPU
		Release|Any CPU = Release|Any CPU
	EndGlobalSection
	GlobalSection(SolutionProperties) = preSolution
		HideSolutionNode = FALSE
	EndGlobalSection
	GlobalSection(ProjectConfigurationPlatforms) = postSolution
		{816CBAB0-7ABA-4458-B7F7-6F584368795B}.Debug|Any CPU.ActiveCfg = Debug|Any CPU
		{816CBAB0-7ABA-4458-B7F7-6F584368795B}.Debug|Any CPU.Build.0 = Debug|Any CPU
		{816CBAB0-7ABA-4458-B7F7-6F584368795B}.Release|Any CPU.ActiveCfg = Release|Any CPU
		{816CBAB0-7ABA-4458-B7F7-6F584368795B}.Release|Any CPU.Build.0 = Release|Any CPU
		{E879D2AB-361D-4A42-8D6E-CE514A2229F2}.Debug|Any CPU.ActiveCfg = Debug|Any CPU
		{E879D2AB-361D-4A42-8D6E-CE514A2229F2}.Debug|Any CPU.Build.0 = Debug|Any CPU
		{E879D2AB-361D-4A42-8D6E-CE514A2229F2}.Release|Any CPU.ActiveCfg = Release|Any CPU
		{E879D2AB-361D-4A42-8D6E-CE514A2229F2}.Release|Any CPU.Build.0 = Release|Any CPU
		{E44E1E47-5BEB-471F-A826-4A42AF8F57D3}.Debug|Any CPU.ActiveCfg = Debug|Any CPU
		{E44E1E47-5BEB-471F-A826-4A42AF8F57D3}.Debug|Any CPU.Build.0 = Debug|Any CPU
		{E44E1E47-5BEB-471F-A826-4A42AF8F57D3}.Release|Any CPU.ActiveCfg = Release|Any CPU
		{E44E1E47-5BEB-471F-A826-4A42AF8F57D3}.Release|Any CPU.Build.0 = Release|Any CPU
		{E27F45D1-2F8D-480E-8668-E950B9A9B108}.Debug|Any CPU.ActiveCfg = Debug|Any CPU
		{E27F45D1-2F8D-480E-8668-E950B9A9B108}.Debug|Any CPU.Build.0 = Debug|Any CPU
		{E27F45D1-2F8D-480E-8668-E950B9A9B108}.Release|Any CPU.ActiveCfg = Release|Any CPU
		{E27F45D1-2F8D-480E-8668-E950B9A9B108}.Release|Any CPU.Build.0 = Release|Any CPU
		{97E474FB-0B22-4692-8901-9EEE2584E1CF}.Debug|Any CPU.ActiveCfg = Debug|Any CPU
		{97E474FB-0B22-4692-8901-9EEE2584E1CF}.Debug|Any CPU.Build.0 = Debug|Any CPU
		{97E474FB-0B22-4692-8901-9EEE2584E1CF}.Release|Any CPU.ActiveCfg = Release|Any CPU
		{97E474FB-0B22-4692-8901-9EEE2584E1CF}.Release|Any CPU.Build.0 = Release|Any CPU
		{3541149D-62E5-42E1-A8FF-38D259B3B4E4}.Debug|Any CPU.ActiveCfg = Debug|Any CPU
		{3541149D-62E5-42E1-A8FF-38D259B3B4E4}.Debug|Any CPU.Build.0 = Debug|Any CPU
		{3541149D-62E5-42E1-A8FF-38D259B3B4E4}.Release|Any CPU.ActiveCfg = Release|Any CPU
		{3541149D-62E5-42E1-A8FF-38D259B3B4E4}.Release|Any CPU.Build.0 = Release|Any CPU
		{088580EC-02E1-41E8-808C-52D981F49702}.Debug|Any CPU.ActiveCfg = Debug|Any CPU
		{088580EC-02E1-41E8-808C-52D981F49702}.Debug|Any CPU.Build.0 = Debug|Any CPU
		{088580EC-02E1-41E8-808C-52D981F49702}.Release|Any CPU.ActiveCfg = Release|Any CPU
		{088580EC-02E1-41E8-808C-52D981F49702}.Release|Any CPU.Build.0 = Release|Any CPU
	EndGlobalSection
EndGlobal
